// !$*UTF8*$!
{
	archiveVersion = 1;
	classes = {
	};
	objectVersion = 52;
	objects = {

/* Begin PBXBuildFile section */
		33D9F5822E5F83F653771823 /* Pods_Pickleball_Pro_WatchKit_App.framework in Frameworks */ = {isa = PBXBuildFile; fileRef = 1391E19971CF7A3152D4E476 /* Pods_Pickleball_Pro_WatchKit_App.framework */; };
		431C0DCC6E6FF844EB0F6898 /* Pods_Pickleball_ProTests.framework in Frameworks */ = {isa = PBXBuildFile; fileRef = BB483765F8794E7E1BF4BDFA /* Pods_Pickleball_ProTests.framework */; };
		6C708AC9C7E8193BE3E38A3E /* Pods_Pickleball_Pro_WatchKit_AppTests.framework in Frameworks */ = {isa = PBXBuildFile; fileRef = ED4F1DAEA0C0049FBDA28575 /* Pods_Pickleball_Pro_WatchKit_AppTests.framework */; };
		77098DDE92B1969187657347 /* Pods_Pickleball_Pro_WatchKit_Extension.framework in Frameworks */ = {isa = PBXBuildFile; fileRef = BBACF5EA62A32E1D4DCD939F /* Pods_Pickleball_Pro_WatchKit_Extension.framework */; };
		CDC85FF341E7F0A49BEFBC9F /* Pods_Pickleball_Pro.framework in Frameworks */ = {isa = PBXBuildFile; fileRef = 217434A095536E9D67EA721B /* Pods_Pickleball_Pro.framework */; };
		F82DB87B26BB48F00003F7FD /* MatchStatsView.swift in Sources */ = {isa = PBXBuildFile; fileRef = F82DB87A26BB48F00003F7FD /* MatchStatsView.swift */; };
		F82DB87D26BB4B960003F7FD /* MatchDetailView.swift in Sources */ = {isa = PBXBuildFile; fileRef = F82DB87C26BB4B960003F7FD /* MatchDetailView.swift */; };
		F82DB87F26BB4E570003F7FD /* StatView.swift in Sources */ = {isa = PBXBuildFile; fileRef = F82DB87E26BB4E570003F7FD /* StatView.swift */; };
		F82DB88126BB4E6E0003F7FD /* Stat.swift in Sources */ = {isa = PBXBuildFile; fileRef = F82DB88026BB4E6E0003F7FD /* Stat.swift */; };
		F82DB88326BCF6710003F7FD /* MyMatchesView.swift in Sources */ = {isa = PBXBuildFile; fileRef = F82DB88226BCF6710003F7FD /* MyMatchesView.swift */; };
		F82DB88526BDB7730003F7FD /* MatchSummaryView.swift in Sources */ = {isa = PBXBuildFile; fileRef = F82DB88426BDB7730003F7FD /* MatchSummaryView.swift */; };
		F897347027209409004B440E /* InitialsImageView.swift in Sources */ = {isa = PBXBuildFile; fileRef = F897346F27209409004B440E /* InitialsImageView.swift */; };
		F8973474272107BE004B440E /* Preferences.swift in Sources */ = {isa = PBXBuildFile; fileRef = F8973473272107BE004B440E /* Preferences.swift */; };
		F8A3E7DE26C7371300FD6392 /* PlayersViewModel.swift in Sources */ = {isa = PBXBuildFile; fileRef = F8A3E7DD26C7371300FD6392 /* PlayersViewModel.swift */; };
		F8A3E7E326CCAC0B00FD6392 /* LiveMatchTest.swift in Sources */ = {isa = PBXBuildFile; fileRef = F8A3E7E226CCAC0B00FD6392 /* LiveMatchTest.swift */; };
		F8A3E7E526CED27400FD6392 /* SelectPlayersView.swift in Sources */ = {isa = PBXBuildFile; fileRef = F8A3E7E426CED27400FD6392 /* SelectPlayersView.swift */; };
		F8A3E7E826D4920F00FD6392 /* Repository.swift in Sources */ = {isa = PBXBuildFile; fileRef = F8A3E7E726D4920F00FD6392 /* Repository.swift */; };
		F8A3E7EB26D4971D00FD6392 /* Alamofire in Frameworks */ = {isa = PBXBuildFile; productRef = F8A3E7EA26D4971D00FD6392 /* Alamofire */; };
		F8A3E7EF26D705C500FD6392 /* PlayerSummaryView.swift in Sources */ = {isa = PBXBuildFile; fileRef = F8A3E7EE26D705C500FD6392 /* PlayerSummaryView.swift */; };
		F8A3E7F126D70CD900FD6392 /* PlayerDetailsView.swift in Sources */ = {isa = PBXBuildFile; fileRef = F8A3E7F026D70CD900FD6392 /* PlayerDetailsView.swift */; };
		F8A4C80126A34486001A6655 /* RoundImageView.swift in Sources */ = {isa = PBXBuildFile; fileRef = F8A4C80026A34486001A6655 /* RoundImageView.swift */; };
		F8A4C80526A34D75001A6655 /* StackedRoundImageViews.swift in Sources */ = {isa = PBXBuildFile; fileRef = F8A4C80426A34D75001A6655 /* StackedRoundImageViews.swift */; };
		F8B42A6026EA842C008BD63C /* SelectServerModal.swift in Sources */ = {isa = PBXBuildFile; fileRef = F8B42A5F26EA842C008BD63C /* SelectServerModal.swift */; };
		F8B42A6226EA999C008BD63C /* ModalView.swift in Sources */ = {isa = PBXBuildFile; fileRef = F8B42A6126EA999C008BD63C /* ModalView.swift */; };
		F8B484B626BF83F700EE3E53 /* StatTracker.swift in Sources */ = {isa = PBXBuildFile; fileRef = F8B484B526BF83F700EE3E53 /* StatTracker.swift */; };
		F8B484BC26C0408000EE3E53 /* Extensions.swift in Sources */ = {isa = PBXBuildFile; fileRef = F8B484BB26C0408000EE3E53 /* Extensions.swift */; };
		F8B484BE26C042E200EE3E53 /* MatchTest.swift in Sources */ = {isa = PBXBuildFile; fileRef = F8B484BD26C042E200EE3E53 /* MatchTest.swift */; };
		F8B484C026C04D3600EE3E53 /* MainTabView.swift in Sources */ = {isa = PBXBuildFile; fileRef = F8B484BF26C04D3600EE3E53 /* MainTabView.swift */; };
		F8B484C226C04F4100EE3E53 /* MyStatsView.swift in Sources */ = {isa = PBXBuildFile; fileRef = F8B484C126C04F4100EE3E53 /* MyStatsView.swift */; };
		F8B484C426C04F6800EE3E53 /* ReportMatchView.swift in Sources */ = {isa = PBXBuildFile; fileRef = F8B484C326C04F6800EE3E53 /* ReportMatchView.swift */; };
		F8B484C626C04F7800EE3E53 /* PlayersView.swift in Sources */ = {isa = PBXBuildFile; fileRef = F8B484C526C04F7800EE3E53 /* PlayersView.swift */; };
		F8B484CD26C0517300EE3E53 /* SettingsView.swift in Sources */ = {isa = PBXBuildFile; fileRef = F8B484CC26C0517300EE3E53 /* SettingsView.swift */; };
		F8B484D026C0ABE000EE3E53 /* MatchesViewModel.swift in Sources */ = {isa = PBXBuildFile; fileRef = F8B484CF26C0ABE000EE3E53 /* MatchesViewModel.swift */; };
		F8BECE3D26D9DAE600083AC5 /* ErrorHandler.swift in Sources */ = {isa = PBXBuildFile; fileRef = F8BECE3C26D9DAE600083AC5 /* ErrorHandler.swift */; };
		F8BECE3F26D9E39200083AC5 /* Secrets.swift in Sources */ = {isa = PBXBuildFile; fileRef = F8BECE3E26D9E39200083AC5 /* Secrets.swift */; };
		F8BECE4126D9E76D00083AC5 /* BaseViewModel.swift in Sources */ = {isa = PBXBuildFile; fileRef = F8BECE4026D9E76D00083AC5 /* BaseViewModel.swift */; };
		F8BECE4326DDCE1700083AC5 /* GoogleService-Info.plist in Resources */ = {isa = PBXBuildFile; fileRef = F8BECE4226DDCE1700083AC5 /* GoogleService-Info.plist */; };
		F8BECE4D26DDDA2900083AC5 /* LoginView.swift in Sources */ = {isa = PBXBuildFile; fileRef = F8BECE4C26DDDA2900083AC5 /* LoginView.swift */; };
		F8C9187F2725C7980042A14C /* ErrorView.swift in Sources */ = {isa = PBXBuildFile; fileRef = F8C9187E2725C7980042A14C /* ErrorView.swift */; };
		F8C918812725CD820042A14C /* DefaultStateView.swift in Sources */ = {isa = PBXBuildFile; fileRef = F8C918802725CD820042A14C /* DefaultStateView.swift */; };
		F8CBF3A72729D40100643E8F /* ProAlert.swift in Sources */ = {isa = PBXBuildFile; fileRef = F8CBF3A62729D40100643E8F /* ProAlert.swift */; };
		F8CC712626C42F0800D90FA3 /* LiveMatchView.swift in Sources */ = {isa = PBXBuildFile; fileRef = F8CC712526C42F0800D90FA3 /* LiveMatchView.swift */; };
		F8CC712826C4302200D90FA3 /* EnterMatchScoreView.swift in Sources */ = {isa = PBXBuildFile; fileRef = F8CC712726C4302200D90FA3 /* EnterMatchScoreView.swift */; };
		F8CC712B26C4D69D00D90FA3 /* SDWebImageSwiftUI in Frameworks */ = {isa = PBXBuildFile; productRef = F8CC712A26C4D69D00D90FA3 /* SDWebImageSwiftUI */; };
		F8E75ED026A337570000F93F /* Pickleball_ProApp.swift in Sources */ = {isa = PBXBuildFile; fileRef = F8E75ECF26A337570000F93F /* Pickleball_ProApp.swift */; };
		F8E75ED226A337570000F93F /* ContentView.swift in Sources */ = {isa = PBXBuildFile; fileRef = F8E75ED126A337570000F93F /* ContentView.swift */; };
		F8E75ED426A337580000F93F /* Assets.xcassets in Resources */ = {isa = PBXBuildFile; fileRef = F8E75ED326A337580000F93F /* Assets.xcassets */; };
		F8E75ED726A337580000F93F /* Preview Assets.xcassets in Resources */ = {isa = PBXBuildFile; fileRef = F8E75ED626A337580000F93F /* Preview Assets.xcassets */; };
		F8E75EED26A337590000F93F /* Pickleball_ProUITests.swift in Sources */ = {isa = PBXBuildFile; fileRef = F8E75EEC26A337590000F93F /* Pickleball_ProUITests.swift */; };
		F8E75EF226A337590000F93F /* Pickleball Pro WatchKit App.app in Embed Watch Content */ = {isa = PBXBuildFile; fileRef = F8E75EF126A337590000F93F /* Pickleball Pro WatchKit App.app */; settings = {ATTRIBUTES = (RemoveHeadersOnCopy, ); }; };
		F8E75EF726A3375A0000F93F /* Assets.xcassets in Resources */ = {isa = PBXBuildFile; fileRef = F8E75EF626A3375A0000F93F /* Assets.xcassets */; };
		F8E75EFE26A3375B0000F93F /* Pickleball Pro WatchKit Extension.appex in Embed App Extensions */ = {isa = PBXBuildFile; fileRef = F8E75EFD26A3375B0000F93F /* Pickleball Pro WatchKit Extension.appex */; settings = {ATTRIBUTES = (RemoveHeadersOnCopy, ); }; };
		F8E75F0326A3375B0000F93F /* Pickleball_ProApp.swift in Sources */ = {isa = PBXBuildFile; fileRef = F8E75F0226A3375B0000F93F /* Pickleball_ProApp.swift */; };
		F8E75F0526A3375B0000F93F /* ContentView.swift in Sources */ = {isa = PBXBuildFile; fileRef = F8E75F0426A3375B0000F93F /* ContentView.swift */; };
		F8E75F0726A3375B0000F93F /* NotificationController.swift in Sources */ = {isa = PBXBuildFile; fileRef = F8E75F0626A3375B0000F93F /* NotificationController.swift */; };
		F8E75F0926A3375B0000F93F /* NotificationView.swift in Sources */ = {isa = PBXBuildFile; fileRef = F8E75F0826A3375B0000F93F /* NotificationView.swift */; };
		F8E75F0B26A3375B0000F93F /* ComplicationController.swift in Sources */ = {isa = PBXBuildFile; fileRef = F8E75F0A26A3375B0000F93F /* ComplicationController.swift */; };
		F8E75F0D26A3375C0000F93F /* Assets.xcassets in Resources */ = {isa = PBXBuildFile; fileRef = F8E75F0C26A3375C0000F93F /* Assets.xcassets */; };
		F8E75F1026A3375C0000F93F /* Preview Assets.xcassets in Resources */ = {isa = PBXBuildFile; fileRef = F8E75F0F26A3375C0000F93F /* Preview Assets.xcassets */; };
		F8E75F1C26A3375C0000F93F /* Pickleball_Pro_WatchKit_AppTests.swift in Sources */ = {isa = PBXBuildFile; fileRef = F8E75F1B26A3375C0000F93F /* Pickleball_Pro_WatchKit_AppTests.swift */; };
		F8E75F2726A3375C0000F93F /* Pickleball_Pro_WatchKit_AppUITests.swift in Sources */ = {isa = PBXBuildFile; fileRef = F8E75F2626A3375C0000F93F /* Pickleball_Pro_WatchKit_AppUITests.swift */; };
		F8E75F4426A339170000F93F /* MatchScoreView.swift in Sources */ = {isa = PBXBuildFile; fileRef = F8E75F4326A339170000F93F /* MatchScoreView.swift */; };
		F8E75F4726A33E960000F93F /* Match.swift in Sources */ = {isa = PBXBuildFile; fileRef = F8E75F4626A33E960000F93F /* Match.swift */; };
		F8E75F4926A33EC60000F93F /* Player.swift in Sources */ = {isa = PBXBuildFile; fileRef = F8E75F4826A33EC60000F93F /* Player.swift */; };
		F8F62AEF26C6299B0030FC5D /* TestView.swift in Sources */ = {isa = PBXBuildFile; fileRef = F8F62AEE26C6299B0030FC5D /* TestView.swift */; };
		FAA89A51BF6F64983AB3419A /* Pods_Pickleball_Pro_WatchKit_App_Pickleball_Pro_WatchKit_AppUITests.framework in Frameworks */ = {isa = PBXBuildFile; fileRef = BA2B95DD5676BF30375CE2E7 /* Pods_Pickleball_Pro_WatchKit_App_Pickleball_Pro_WatchKit_AppUITests.framework */; };
/* End PBXBuildFile section */

/* Begin PBXContainerItemProxy section */
		F8E75EDE26A337590000F93F /* PBXContainerItemProxy */ = {
			isa = PBXContainerItemProxy;
			containerPortal = F8E75EC426A337570000F93F /* Project object */;
			proxyType = 1;
			remoteGlobalIDString = F8E75ECB26A337570000F93F;
			remoteInfo = "Pickleball Pro";
		};
		F8E75EE926A337590000F93F /* PBXContainerItemProxy */ = {
			isa = PBXContainerItemProxy;
			containerPortal = F8E75EC426A337570000F93F /* Project object */;
			proxyType = 1;
			remoteGlobalIDString = F8E75ECB26A337570000F93F;
			remoteInfo = "Pickleball Pro";
		};
		F8E75EF326A337590000F93F /* PBXContainerItemProxy */ = {
			isa = PBXContainerItemProxy;
			containerPortal = F8E75EC426A337570000F93F /* Project object */;
			proxyType = 1;
			remoteGlobalIDString = F8E75EF026A337590000F93F;
			remoteInfo = "Pickleball Pro WatchKit App";
		};
		F8E75EFF26A3375B0000F93F /* PBXContainerItemProxy */ = {
			isa = PBXContainerItemProxy;
			containerPortal = F8E75EC426A337570000F93F /* Project object */;
			proxyType = 1;
			remoteGlobalIDString = F8E75EFC26A3375B0000F93F;
			remoteInfo = "Pickleball Pro WatchKit Extension";
		};
		F8E75F1826A3375C0000F93F /* PBXContainerItemProxy */ = {
			isa = PBXContainerItemProxy;
			containerPortal = F8E75EC426A337570000F93F /* Project object */;
			proxyType = 1;
			remoteGlobalIDString = F8E75EFC26A3375B0000F93F;
			remoteInfo = "Pickleball Pro WatchKit Extension";
		};
		F8E75F2326A3375C0000F93F /* PBXContainerItemProxy */ = {
			isa = PBXContainerItemProxy;
			containerPortal = F8E75EC426A337570000F93F /* Project object */;
			proxyType = 1;
			remoteGlobalIDString = F8E75EF026A337590000F93F;
			remoteInfo = "Pickleball Pro WatchKit App";
		};
/* End PBXContainerItemProxy section */

/* Begin PBXCopyFilesBuildPhase section */
		F8E75F2E26A3375C0000F93F /* Embed App Extensions */ = {
			isa = PBXCopyFilesBuildPhase;
			buildActionMask = 2147483647;
			dstPath = "";
			dstSubfolderSpec = 13;
			files = (
				F8E75EFE26A3375B0000F93F /* Pickleball Pro WatchKit Extension.appex in Embed App Extensions */,
			);
			name = "Embed App Extensions";
			runOnlyForDeploymentPostprocessing = 0;
		};
		F8E75F3226A3375C0000F93F /* Embed Watch Content */ = {
			isa = PBXCopyFilesBuildPhase;
			buildActionMask = 2147483647;
			dstPath = "$(CONTENTS_FOLDER_PATH)/Watch";
			dstSubfolderSpec = 16;
			files = (
				F8E75EF226A337590000F93F /* Pickleball Pro WatchKit App.app in Embed Watch Content */,
			);
			name = "Embed Watch Content";
			runOnlyForDeploymentPostprocessing = 0;
		};
/* End PBXCopyFilesBuildPhase section */

/* Begin PBXFileReference section */
		074131EED727C5FA4E0FECF9 /* Pods-Pickleball Pro WatchKit AppTests.release.xcconfig */ = {isa = PBXFileReference; includeInIndex = 1; lastKnownFileType = text.xcconfig; name = "Pods-Pickleball Pro WatchKit AppTests.release.xcconfig"; path = "Target Support Files/Pods-Pickleball Pro WatchKit AppTests/Pods-Pickleball Pro WatchKit AppTests.release.xcconfig"; sourceTree = "<group>"; };
		1391E19971CF7A3152D4E476 /* Pods_Pickleball_Pro_WatchKit_App.framework */ = {isa = PBXFileReference; explicitFileType = wrapper.framework; includeInIndex = 0; path = Pods_Pickleball_Pro_WatchKit_App.framework; sourceTree = BUILT_PRODUCTS_DIR; };
		1E3FC6D319F2A9A624281C2E /* Pods-Pickleball Pro WatchKit App.release.xcconfig */ = {isa = PBXFileReference; includeInIndex = 1; lastKnownFileType = text.xcconfig; name = "Pods-Pickleball Pro WatchKit App.release.xcconfig"; path = "Target Support Files/Pods-Pickleball Pro WatchKit App/Pods-Pickleball Pro WatchKit App.release.xcconfig"; sourceTree = "<group>"; };
		2115EF9DDAAF52C0DBE759F8 /* Pods-Pickleball Pro WatchKit Extension.debug.xcconfig */ = {isa = PBXFileReference; includeInIndex = 1; lastKnownFileType = text.xcconfig; name = "Pods-Pickleball Pro WatchKit Extension.debug.xcconfig"; path = "Target Support Files/Pods-Pickleball Pro WatchKit Extension/Pods-Pickleball Pro WatchKit Extension.debug.xcconfig"; sourceTree = "<group>"; };
		217434A095536E9D67EA721B /* Pods_Pickleball_Pro.framework */ = {isa = PBXFileReference; explicitFileType = wrapper.framework; includeInIndex = 0; path = Pods_Pickleball_Pro.framework; sourceTree = BUILT_PRODUCTS_DIR; };
		54DE0D5F13F8BD755B107420 /* Pods-Pickleball Pro.debug.xcconfig */ = {isa = PBXFileReference; includeInIndex = 1; lastKnownFileType = text.xcconfig; name = "Pods-Pickleball Pro.debug.xcconfig"; path = "Target Support Files/Pods-Pickleball Pro/Pods-Pickleball Pro.debug.xcconfig"; sourceTree = "<group>"; };
		751841693E8D6B865591E273 /* Pods-Pickleball Pro WatchKit App-Pickleball Pro WatchKit AppUITests.release.xcconfig */ = {isa = PBXFileReference; includeInIndex = 1; lastKnownFileType = text.xcconfig; name = "Pods-Pickleball Pro WatchKit App-Pickleball Pro WatchKit AppUITests.release.xcconfig"; path = "Target Support Files/Pods-Pickleball Pro WatchKit App-Pickleball Pro WatchKit AppUITests/Pods-Pickleball Pro WatchKit App-Pickleball Pro WatchKit AppUITests.release.xcconfig"; sourceTree = "<group>"; };
		77AC1AAA049DAD2D1A3CEB86 /* Pods-Pickleball Pro.release.xcconfig */ = {isa = PBXFileReference; includeInIndex = 1; lastKnownFileType = text.xcconfig; name = "Pods-Pickleball Pro.release.xcconfig"; path = "Target Support Files/Pods-Pickleball Pro/Pods-Pickleball Pro.release.xcconfig"; sourceTree = "<group>"; };
		8646174E13FA7702070B9F48 /* Pods-Pickleball Pro WatchKit App-Pickleball Pro WatchKit AppUITests.debug.xcconfig */ = {isa = PBXFileReference; includeInIndex = 1; lastKnownFileType = text.xcconfig; name = "Pods-Pickleball Pro WatchKit App-Pickleball Pro WatchKit AppUITests.debug.xcconfig"; path = "Target Support Files/Pods-Pickleball Pro WatchKit App-Pickleball Pro WatchKit AppUITests/Pods-Pickleball Pro WatchKit App-Pickleball Pro WatchKit AppUITests.debug.xcconfig"; sourceTree = "<group>"; };
		96F796578F73131E7BA05E67 /* Pods-Pickleball Pro WatchKit AppTests.debug.xcconfig */ = {isa = PBXFileReference; includeInIndex = 1; lastKnownFileType = text.xcconfig; name = "Pods-Pickleball Pro WatchKit AppTests.debug.xcconfig"; path = "Target Support Files/Pods-Pickleball Pro WatchKit AppTests/Pods-Pickleball Pro WatchKit AppTests.debug.xcconfig"; sourceTree = "<group>"; };
		98F1C21810673DD3E273D782 /* Pods-Pickleball ProTests.debug.xcconfig */ = {isa = PBXFileReference; includeInIndex = 1; lastKnownFileType = text.xcconfig; name = "Pods-Pickleball ProTests.debug.xcconfig"; path = "Target Support Files/Pods-Pickleball ProTests/Pods-Pickleball ProTests.debug.xcconfig"; sourceTree = "<group>"; };
		AB6F34F7EE1A5387C44FE0D5 /* Pods-Pickleball Pro WatchKit Extension.release.xcconfig */ = {isa = PBXFileReference; includeInIndex = 1; lastKnownFileType = text.xcconfig; name = "Pods-Pickleball Pro WatchKit Extension.release.xcconfig"; path = "Target Support Files/Pods-Pickleball Pro WatchKit Extension/Pods-Pickleball Pro WatchKit Extension.release.xcconfig"; sourceTree = "<group>"; };
		BA2B95DD5676BF30375CE2E7 /* Pods_Pickleball_Pro_WatchKit_App_Pickleball_Pro_WatchKit_AppUITests.framework */ = {isa = PBXFileReference; explicitFileType = wrapper.framework; includeInIndex = 0; path = Pods_Pickleball_Pro_WatchKit_App_Pickleball_Pro_WatchKit_AppUITests.framework; sourceTree = BUILT_PRODUCTS_DIR; };
		BB483765F8794E7E1BF4BDFA /* Pods_Pickleball_ProTests.framework */ = {isa = PBXFileReference; explicitFileType = wrapper.framework; includeInIndex = 0; path = Pods_Pickleball_ProTests.framework; sourceTree = BUILT_PRODUCTS_DIR; };
		BBACF5EA62A32E1D4DCD939F /* Pods_Pickleball_Pro_WatchKit_Extension.framework */ = {isa = PBXFileReference; explicitFileType = wrapper.framework; includeInIndex = 0; path = Pods_Pickleball_Pro_WatchKit_Extension.framework; sourceTree = BUILT_PRODUCTS_DIR; };
		E3AA6A34EBF7E2101CA0A4F1 /* Pods-Pickleball Pro WatchKit App.debug.xcconfig */ = {isa = PBXFileReference; includeInIndex = 1; lastKnownFileType = text.xcconfig; name = "Pods-Pickleball Pro WatchKit App.debug.xcconfig"; path = "Target Support Files/Pods-Pickleball Pro WatchKit App/Pods-Pickleball Pro WatchKit App.debug.xcconfig"; sourceTree = "<group>"; };
		ED4F1DAEA0C0049FBDA28575 /* Pods_Pickleball_Pro_WatchKit_AppTests.framework */ = {isa = PBXFileReference; explicitFileType = wrapper.framework; includeInIndex = 0; path = Pods_Pickleball_Pro_WatchKit_AppTests.framework; sourceTree = BUILT_PRODUCTS_DIR; };
		F82DB87A26BB48F00003F7FD /* MatchStatsView.swift */ = {isa = PBXFileReference; lastKnownFileType = sourcecode.swift; path = MatchStatsView.swift; sourceTree = "<group>"; };
		F82DB87C26BB4B960003F7FD /* MatchDetailView.swift */ = {isa = PBXFileReference; lastKnownFileType = sourcecode.swift; path = MatchDetailView.swift; sourceTree = "<group>"; };
		F82DB87E26BB4E570003F7FD /* StatView.swift */ = {isa = PBXFileReference; lastKnownFileType = sourcecode.swift; path = StatView.swift; sourceTree = "<group>"; };
		F82DB88026BB4E6E0003F7FD /* Stat.swift */ = {isa = PBXFileReference; lastKnownFileType = sourcecode.swift; path = Stat.swift; sourceTree = "<group>"; };
		F82DB88226BCF6710003F7FD /* MyMatchesView.swift */ = {isa = PBXFileReference; lastKnownFileType = sourcecode.swift; path = MyMatchesView.swift; sourceTree = "<group>"; };
		F82DB88426BDB7730003F7FD /* MatchSummaryView.swift */ = {isa = PBXFileReference; lastKnownFileType = sourcecode.swift; path = MatchSummaryView.swift; sourceTree = "<group>"; };
		F897346F27209409004B440E /* InitialsImageView.swift */ = {isa = PBXFileReference; lastKnownFileType = sourcecode.swift; path = InitialsImageView.swift; sourceTree = "<group>"; };
		F8973473272107BE004B440E /* Preferences.swift */ = {isa = PBXFileReference; lastKnownFileType = sourcecode.swift; path = Preferences.swift; sourceTree = "<group>"; };
		F8A3E7DD26C7371300FD6392 /* PlayersViewModel.swift */ = {isa = PBXFileReference; lastKnownFileType = sourcecode.swift; path = PlayersViewModel.swift; sourceTree = "<group>"; };
		F8A3E7E226CCAC0B00FD6392 /* LiveMatchTest.swift */ = {isa = PBXFileReference; lastKnownFileType = sourcecode.swift; path = LiveMatchTest.swift; sourceTree = "<group>"; };
		F8A3E7E426CED27400FD6392 /* SelectPlayersView.swift */ = {isa = PBXFileReference; lastKnownFileType = sourcecode.swift; path = SelectPlayersView.swift; sourceTree = "<group>"; };
		F8A3E7E726D4920F00FD6392 /* Repository.swift */ = {isa = PBXFileReference; lastKnownFileType = sourcecode.swift; path = Repository.swift; sourceTree = "<group>"; };
		F8A3E7EE26D705C500FD6392 /* PlayerSummaryView.swift */ = {isa = PBXFileReference; lastKnownFileType = sourcecode.swift; path = PlayerSummaryView.swift; sourceTree = "<group>"; };
		F8A3E7F026D70CD900FD6392 /* PlayerDetailsView.swift */ = {isa = PBXFileReference; lastKnownFileType = sourcecode.swift; path = PlayerDetailsView.swift; sourceTree = "<group>"; };
		F8A4C80026A34486001A6655 /* RoundImageView.swift */ = {isa = PBXFileReference; lastKnownFileType = sourcecode.swift; path = RoundImageView.swift; sourceTree = "<group>"; };
		F8A4C80426A34D75001A6655 /* StackedRoundImageViews.swift */ = {isa = PBXFileReference; lastKnownFileType = sourcecode.swift; path = StackedRoundImageViews.swift; sourceTree = "<group>"; };
		F8B42A5F26EA842C008BD63C /* SelectServerModal.swift */ = {isa = PBXFileReference; lastKnownFileType = sourcecode.swift; path = SelectServerModal.swift; sourceTree = "<group>"; };
		F8B42A6126EA999C008BD63C /* ModalView.swift */ = {isa = PBXFileReference; lastKnownFileType = sourcecode.swift; path = ModalView.swift; sourceTree = "<group>"; };
		F8B484B526BF83F700EE3E53 /* StatTracker.swift */ = {isa = PBXFileReference; lastKnownFileType = sourcecode.swift; path = StatTracker.swift; sourceTree = "<group>"; };
		F8B484BB26C0408000EE3E53 /* Extensions.swift */ = {isa = PBXFileReference; lastKnownFileType = sourcecode.swift; path = Extensions.swift; sourceTree = "<group>"; };
		F8B484BD26C042E200EE3E53 /* MatchTest.swift */ = {isa = PBXFileReference; lastKnownFileType = sourcecode.swift; path = MatchTest.swift; sourceTree = "<group>"; };
		F8B484BF26C04D3600EE3E53 /* MainTabView.swift */ = {isa = PBXFileReference; lastKnownFileType = sourcecode.swift; path = MainTabView.swift; sourceTree = "<group>"; };
		F8B484C126C04F4100EE3E53 /* MyStatsView.swift */ = {isa = PBXFileReference; lastKnownFileType = sourcecode.swift; path = MyStatsView.swift; sourceTree = "<group>"; };
		F8B484C326C04F6800EE3E53 /* ReportMatchView.swift */ = {isa = PBXFileReference; lastKnownFileType = sourcecode.swift; path = ReportMatchView.swift; sourceTree = "<group>"; };
		F8B484C526C04F7800EE3E53 /* PlayersView.swift */ = {isa = PBXFileReference; lastKnownFileType = sourcecode.swift; path = PlayersView.swift; sourceTree = "<group>"; };
		F8B484CC26C0517300EE3E53 /* SettingsView.swift */ = {isa = PBXFileReference; lastKnownFileType = sourcecode.swift; path = SettingsView.swift; sourceTree = "<group>"; };
		F8B484CF26C0ABE000EE3E53 /* MatchesViewModel.swift */ = {isa = PBXFileReference; lastKnownFileType = sourcecode.swift; path = MatchesViewModel.swift; sourceTree = "<group>"; };
		F8BECE3C26D9DAE600083AC5 /* ErrorHandler.swift */ = {isa = PBXFileReference; lastKnownFileType = sourcecode.swift; path = ErrorHandler.swift; sourceTree = "<group>"; };
		F8BECE3E26D9E39200083AC5 /* Secrets.swift */ = {isa = PBXFileReference; lastKnownFileType = sourcecode.swift; path = Secrets.swift; sourceTree = "<group>"; };
		F8BECE4026D9E76D00083AC5 /* BaseViewModel.swift */ = {isa = PBXFileReference; lastKnownFileType = sourcecode.swift; path = BaseViewModel.swift; sourceTree = "<group>"; };
		F8BECE4226DDCE1700083AC5 /* GoogleService-Info.plist */ = {isa = PBXFileReference; fileEncoding = 4; lastKnownFileType = text.plist.xml; path = "GoogleService-Info.plist"; sourceTree = "<group>"; };
		F8BECE4926DDD12A00083AC5 /* Pickleball Pro.entitlements */ = {isa = PBXFileReference; lastKnownFileType = text.plist.entitlements; path = "Pickleball Pro.entitlements"; sourceTree = "<group>"; };
		F8BECE4C26DDDA2900083AC5 /* LoginView.swift */ = {isa = PBXFileReference; lastKnownFileType = sourcecode.swift; path = LoginView.swift; sourceTree = "<group>"; };
		F8C9187E2725C7980042A14C /* ErrorView.swift */ = {isa = PBXFileReference; lastKnownFileType = sourcecode.swift; path = ErrorView.swift; sourceTree = "<group>"; };
		F8C918802725CD820042A14C /* DefaultStateView.swift */ = {isa = PBXFileReference; lastKnownFileType = sourcecode.swift; path = DefaultStateView.swift; sourceTree = "<group>"; };
		F8CBF3A62729D40100643E8F /* ProAlert.swift */ = {isa = PBXFileReference; lastKnownFileType = sourcecode.swift; path = ProAlert.swift; sourceTree = "<group>"; };
		F8CC712526C42F0800D90FA3 /* LiveMatchView.swift */ = {isa = PBXFileReference; lastKnownFileType = sourcecode.swift; path = LiveMatchView.swift; sourceTree = "<group>"; };
		F8CC712726C4302200D90FA3 /* EnterMatchScoreView.swift */ = {isa = PBXFileReference; lastKnownFileType = sourcecode.swift; path = EnterMatchScoreView.swift; sourceTree = "<group>"; };
		F8E75ECC26A337570000F93F /* Pickleball Pro.app */ = {isa = PBXFileReference; explicitFileType = wrapper.application; includeInIndex = 0; path = "Pickleball Pro.app"; sourceTree = BUILT_PRODUCTS_DIR; };
		F8E75ECF26A337570000F93F /* Pickleball_ProApp.swift */ = {isa = PBXFileReference; lastKnownFileType = sourcecode.swift; path = Pickleball_ProApp.swift; sourceTree = "<group>"; };
		F8E75ED126A337570000F93F /* ContentView.swift */ = {isa = PBXFileReference; lastKnownFileType = sourcecode.swift; path = ContentView.swift; sourceTree = "<group>"; };
		F8E75ED326A337580000F93F /* Assets.xcassets */ = {isa = PBXFileReference; lastKnownFileType = folder.assetcatalog; path = Assets.xcassets; sourceTree = "<group>"; };
		F8E75ED626A337580000F93F /* Preview Assets.xcassets */ = {isa = PBXFileReference; lastKnownFileType = folder.assetcatalog; path = "Preview Assets.xcassets"; sourceTree = "<group>"; };
		F8E75ED826A337580000F93F /* Info.plist */ = {isa = PBXFileReference; lastKnownFileType = text.plist.xml; path = Info.plist; sourceTree = "<group>"; };
		F8E75EDD26A337590000F93F /* Pickleball ProTests.xctest */ = {isa = PBXFileReference; explicitFileType = wrapper.cfbundle; includeInIndex = 0; path = "Pickleball ProTests.xctest"; sourceTree = BUILT_PRODUCTS_DIR; };
		F8E75EE326A337590000F93F /* Info.plist */ = {isa = PBXFileReference; lastKnownFileType = text.plist.xml; path = Info.plist; sourceTree = "<group>"; };
		F8E75EE826A337590000F93F /* Pickleball ProUITests.xctest */ = {isa = PBXFileReference; explicitFileType = wrapper.cfbundle; includeInIndex = 0; path = "Pickleball ProUITests.xctest"; sourceTree = BUILT_PRODUCTS_DIR; };
		F8E75EEC26A337590000F93F /* Pickleball_ProUITests.swift */ = {isa = PBXFileReference; lastKnownFileType = sourcecode.swift; path = Pickleball_ProUITests.swift; sourceTree = "<group>"; };
		F8E75EEE26A337590000F93F /* Info.plist */ = {isa = PBXFileReference; lastKnownFileType = text.plist.xml; path = Info.plist; sourceTree = "<group>"; };
		F8E75EF126A337590000F93F /* Pickleball Pro WatchKit App.app */ = {isa = PBXFileReference; explicitFileType = wrapper.application; includeInIndex = 0; path = "Pickleball Pro WatchKit App.app"; sourceTree = BUILT_PRODUCTS_DIR; };
		F8E75EF626A3375A0000F93F /* Assets.xcassets */ = {isa = PBXFileReference; lastKnownFileType = folder.assetcatalog; path = Assets.xcassets; sourceTree = "<group>"; };
		F8E75EF826A3375A0000F93F /* Info.plist */ = {isa = PBXFileReference; lastKnownFileType = text.plist.xml; path = Info.plist; sourceTree = "<group>"; };
		F8E75EFD26A3375B0000F93F /* Pickleball Pro WatchKit Extension.appex */ = {isa = PBXFileReference; explicitFileType = "wrapper.app-extension"; includeInIndex = 0; path = "Pickleball Pro WatchKit Extension.appex"; sourceTree = BUILT_PRODUCTS_DIR; };
		F8E75F0226A3375B0000F93F /* Pickleball_ProApp.swift */ = {isa = PBXFileReference; lastKnownFileType = sourcecode.swift; path = Pickleball_ProApp.swift; sourceTree = "<group>"; };
		F8E75F0426A3375B0000F93F /* ContentView.swift */ = {isa = PBXFileReference; lastKnownFileType = sourcecode.swift; path = ContentView.swift; sourceTree = "<group>"; };
		F8E75F0626A3375B0000F93F /* NotificationController.swift */ = {isa = PBXFileReference; lastKnownFileType = sourcecode.swift; path = NotificationController.swift; sourceTree = "<group>"; };
		F8E75F0826A3375B0000F93F /* NotificationView.swift */ = {isa = PBXFileReference; lastKnownFileType = sourcecode.swift; path = NotificationView.swift; sourceTree = "<group>"; };
		F8E75F0A26A3375B0000F93F /* ComplicationController.swift */ = {isa = PBXFileReference; lastKnownFileType = sourcecode.swift; path = ComplicationController.swift; sourceTree = "<group>"; };
		F8E75F0C26A3375C0000F93F /* Assets.xcassets */ = {isa = PBXFileReference; lastKnownFileType = folder.assetcatalog; path = Assets.xcassets; sourceTree = "<group>"; };
		F8E75F0F26A3375C0000F93F /* Preview Assets.xcassets */ = {isa = PBXFileReference; lastKnownFileType = folder.assetcatalog; path = "Preview Assets.xcassets"; sourceTree = "<group>"; };
		F8E75F1126A3375C0000F93F /* Info.plist */ = {isa = PBXFileReference; lastKnownFileType = text.plist.xml; path = Info.plist; sourceTree = "<group>"; };
		F8E75F1226A3375C0000F93F /* PushNotificationPayload.apns */ = {isa = PBXFileReference; lastKnownFileType = text; path = PushNotificationPayload.apns; sourceTree = "<group>"; };
		F8E75F1726A3375C0000F93F /* Pickleball Pro WatchKit AppTests.xctest */ = {isa = PBXFileReference; explicitFileType = wrapper.cfbundle; includeInIndex = 0; path = "Pickleball Pro WatchKit AppTests.xctest"; sourceTree = BUILT_PRODUCTS_DIR; };
		F8E75F1B26A3375C0000F93F /* Pickleball_Pro_WatchKit_AppTests.swift */ = {isa = PBXFileReference; lastKnownFileType = sourcecode.swift; path = Pickleball_Pro_WatchKit_AppTests.swift; sourceTree = "<group>"; };
		F8E75F1D26A3375C0000F93F /* Info.plist */ = {isa = PBXFileReference; lastKnownFileType = text.plist.xml; path = Info.plist; sourceTree = "<group>"; };
		F8E75F2226A3375C0000F93F /* Pickleball Pro WatchKit AppUITests.xctest */ = {isa = PBXFileReference; explicitFileType = wrapper.cfbundle; includeInIndex = 0; path = "Pickleball Pro WatchKit AppUITests.xctest"; sourceTree = BUILT_PRODUCTS_DIR; };
		F8E75F2626A3375C0000F93F /* Pickleball_Pro_WatchKit_AppUITests.swift */ = {isa = PBXFileReference; lastKnownFileType = sourcecode.swift; path = Pickleball_Pro_WatchKit_AppUITests.swift; sourceTree = "<group>"; };
		F8E75F2826A3375C0000F93F /* Info.plist */ = {isa = PBXFileReference; lastKnownFileType = text.plist.xml; path = Info.plist; sourceTree = "<group>"; };
		F8E75F4326A339170000F93F /* MatchScoreView.swift */ = {isa = PBXFileReference; lastKnownFileType = sourcecode.swift; path = MatchScoreView.swift; sourceTree = "<group>"; };
		F8E75F4626A33E960000F93F /* Match.swift */ = {isa = PBXFileReference; lastKnownFileType = sourcecode.swift; path = Match.swift; sourceTree = "<group>"; };
		F8E75F4826A33EC60000F93F /* Player.swift */ = {isa = PBXFileReference; lastKnownFileType = sourcecode.swift; path = Player.swift; sourceTree = "<group>"; };
		F8F62AEE26C6299B0030FC5D /* TestView.swift */ = {isa = PBXFileReference; lastKnownFileType = sourcecode.swift; path = TestView.swift; sourceTree = "<group>"; };
		FADB2A0A7F2C6C952EF6AFE1 /* Pods-Pickleball ProTests.release.xcconfig */ = {isa = PBXFileReference; includeInIndex = 1; lastKnownFileType = text.xcconfig; name = "Pods-Pickleball ProTests.release.xcconfig"; path = "Target Support Files/Pods-Pickleball ProTests/Pods-Pickleball ProTests.release.xcconfig"; sourceTree = "<group>"; };
/* End PBXFileReference section */

/* Begin PBXFrameworksBuildPhase section */
		AA6164645B8377420AFE695D /* Frameworks */ = {
			isa = PBXFrameworksBuildPhase;
			buildActionMask = 2147483647;
			files = (
				33D9F5822E5F83F653771823 /* Pods_Pickleball_Pro_WatchKit_App.framework in Frameworks */,
			);
			runOnlyForDeploymentPostprocessing = 0;
		};
		F8E75EC926A337570000F93F /* Frameworks */ = {
			isa = PBXFrameworksBuildPhase;
			buildActionMask = 2147483647;
			files = (
				F8CC712B26C4D69D00D90FA3 /* SDWebImageSwiftUI in Frameworks */,
				F8A3E7EB26D4971D00FD6392 /* Alamofire in Frameworks */,
				CDC85FF341E7F0A49BEFBC9F /* Pods_Pickleball_Pro.framework in Frameworks */,
			);
			runOnlyForDeploymentPostprocessing = 0;
		};
		F8E75EDA26A337590000F93F /* Frameworks */ = {
			isa = PBXFrameworksBuildPhase;
			buildActionMask = 2147483647;
			files = (
				431C0DCC6E6FF844EB0F6898 /* Pods_Pickleball_ProTests.framework in Frameworks */,
			);
			runOnlyForDeploymentPostprocessing = 0;
		};
		F8E75EE526A337590000F93F /* Frameworks */ = {
			isa = PBXFrameworksBuildPhase;
			buildActionMask = 2147483647;
			files = (
			);
			runOnlyForDeploymentPostprocessing = 0;
		};
		F8E75EFA26A3375B0000F93F /* Frameworks */ = {
			isa = PBXFrameworksBuildPhase;
			buildActionMask = 2147483647;
			files = (
				77098DDE92B1969187657347 /* Pods_Pickleball_Pro_WatchKit_Extension.framework in Frameworks */,
			);
			runOnlyForDeploymentPostprocessing = 0;
		};
		F8E75F1426A3375C0000F93F /* Frameworks */ = {
			isa = PBXFrameworksBuildPhase;
			buildActionMask = 2147483647;
			files = (
				6C708AC9C7E8193BE3E38A3E /* Pods_Pickleball_Pro_WatchKit_AppTests.framework in Frameworks */,
			);
			runOnlyForDeploymentPostprocessing = 0;
		};
		F8E75F1F26A3375C0000F93F /* Frameworks */ = {
			isa = PBXFrameworksBuildPhase;
			buildActionMask = 2147483647;
			files = (
				FAA89A51BF6F64983AB3419A /* Pods_Pickleball_Pro_WatchKit_App_Pickleball_Pro_WatchKit_AppUITests.framework in Frameworks */,
			);
			runOnlyForDeploymentPostprocessing = 0;
		};
/* End PBXFrameworksBuildPhase section */

/* Begin PBXGroup section */
		46D246D3F12D4BC0C34278E6 /* Frameworks */ = {
			isa = PBXGroup;
			children = (
				217434A095536E9D67EA721B /* Pods_Pickleball_Pro.framework */,
				1391E19971CF7A3152D4E476 /* Pods_Pickleball_Pro_WatchKit_App.framework */,
				BA2B95DD5676BF30375CE2E7 /* Pods_Pickleball_Pro_WatchKit_App_Pickleball_Pro_WatchKit_AppUITests.framework */,
				ED4F1DAEA0C0049FBDA28575 /* Pods_Pickleball_Pro_WatchKit_AppTests.framework */,
				BBACF5EA62A32E1D4DCD939F /* Pods_Pickleball_Pro_WatchKit_Extension.framework */,
				BB483765F8794E7E1BF4BDFA /* Pods_Pickleball_ProTests.framework */,
			);
			name = Frameworks;
			sourceTree = "<group>";
		};
		D4F0726FD0D18F0D3FEE268F /* Pods */ = {
			isa = PBXGroup;
			children = (
				54DE0D5F13F8BD755B107420 /* Pods-Pickleball Pro.debug.xcconfig */,
				77AC1AAA049DAD2D1A3CEB86 /* Pods-Pickleball Pro.release.xcconfig */,
				E3AA6A34EBF7E2101CA0A4F1 /* Pods-Pickleball Pro WatchKit App.debug.xcconfig */,
				1E3FC6D319F2A9A624281C2E /* Pods-Pickleball Pro WatchKit App.release.xcconfig */,
				8646174E13FA7702070B9F48 /* Pods-Pickleball Pro WatchKit App-Pickleball Pro WatchKit AppUITests.debug.xcconfig */,
				751841693E8D6B865591E273 /* Pods-Pickleball Pro WatchKit App-Pickleball Pro WatchKit AppUITests.release.xcconfig */,
				96F796578F73131E7BA05E67 /* Pods-Pickleball Pro WatchKit AppTests.debug.xcconfig */,
				074131EED727C5FA4E0FECF9 /* Pods-Pickleball Pro WatchKit AppTests.release.xcconfig */,
				2115EF9DDAAF52C0DBE759F8 /* Pods-Pickleball Pro WatchKit Extension.debug.xcconfig */,
				AB6F34F7EE1A5387C44FE0D5 /* Pods-Pickleball Pro WatchKit Extension.release.xcconfig */,
				98F1C21810673DD3E273D782 /* Pods-Pickleball ProTests.debug.xcconfig */,
				FADB2A0A7F2C6C952EF6AFE1 /* Pods-Pickleball ProTests.release.xcconfig */,
			);
			path = Pods;
			sourceTree = "<group>";
		};
		F8A3E7E626D491F900FD6392 /* repository */ = {
			isa = PBXGroup;
			children = (
				F8A3E7E726D4920F00FD6392 /* Repository.swift */,
			);
			path = repository;
			sourceTree = "<group>";
		};
		F8B484B726BF8A8300EE3E53 /* Shared */ = {
			isa = PBXGroup;
			children = (
				F8CBF3A62729D40100643E8F /* ProAlert.swift */,
				F8A4C80426A34D75001A6655 /* StackedRoundImageViews.swift */,
				F8A4C80026A34486001A6655 /* RoundImageView.swift */,
				F8B42A6126EA999C008BD63C /* ModalView.swift */,
				F897346F27209409004B440E /* InitialsImageView.swift */,
				F8C9187E2725C7980042A14C /* ErrorView.swift */,
				F8C918802725CD820042A14C /* DefaultStateView.swift */,
			);
			path = Shared;
			sourceTree = "<group>";
		};
		F8B484BA26C0407300EE3E53 /* utils */ = {
			isa = PBXGroup;
			children = (
				F8B484BB26C0408000EE3E53 /* Extensions.swift */,
				F8BECE3C26D9DAE600083AC5 /* ErrorHandler.swift */,
				F8BECE3E26D9E39200083AC5 /* Secrets.swift */,
				F8973473272107BE004B440E /* Preferences.swift */,
			);
			path = utils;
			sourceTree = "<group>";
		};
		F8B484C726C04FB800EE3E53 /* MyMatches */ = {
			isa = PBXGroup;
			children = (
				F82DB88226BCF6710003F7FD /* MyMatchesView.swift */,
				F82DB88426BDB7730003F7FD /* MatchSummaryView.swift */,
				F82DB87C26BB4B960003F7FD /* MatchDetailView.swift */,
				F8E75F4326A339170000F93F /* MatchScoreView.swift */,
				F82DB87A26BB48F00003F7FD /* MatchStatsView.swift */,
				F82DB87E26BB4E570003F7FD /* StatView.swift */,
			);
			path = MyMatches;
			sourceTree = "<group>";
		};
		F8B484C826C04FCF00EE3E53 /* MyStats */ = {
			isa = PBXGroup;
			children = (
				F8B484C126C04F4100EE3E53 /* MyStatsView.swift */,
			);
			path = MyStats;
			sourceTree = "<group>";
		};
		F8B484C926C04FE400EE3E53 /* ReportMatch */ = {
			isa = PBXGroup;
			children = (
				F8B484C326C04F6800EE3E53 /* ReportMatchView.swift */,
				F8CC712526C42F0800D90FA3 /* LiveMatchView.swift */,
				F8B484B526BF83F700EE3E53 /* StatTracker.swift */,
				F8B42A5F26EA842C008BD63C /* SelectServerModal.swift */,
				F8CC712726C4302200D90FA3 /* EnterMatchScoreView.swift */,
				F8A3E7E426CED27400FD6392 /* SelectPlayersView.swift */,
			);
			path = ReportMatch;
			sourceTree = "<group>";
		};
		F8B484CA26C04FF200EE3E53 /* Players */ = {
			isa = PBXGroup;
			children = (
				F8B484C526C04F7800EE3E53 /* PlayersView.swift */,
				F8A3E7EE26D705C500FD6392 /* PlayerSummaryView.swift */,
				F8A3E7F026D70CD900FD6392 /* PlayerDetailsView.swift */,
			);
			path = Players;
			sourceTree = "<group>";
		};
		F8B484CB26C0500000EE3E53 /* Settings */ = {
			isa = PBXGroup;
			children = (
				F8B484CC26C0517300EE3E53 /* SettingsView.swift */,
				F8BECE4C26DDDA2900083AC5 /* LoginView.swift */,
			);
			path = Settings;
			sourceTree = "<group>";
		};
		F8B484CE26C0ABD200EE3E53 /* viewmodel */ = {
			isa = PBXGroup;
			children = (
				F8BECE4026D9E76D00083AC5 /* BaseViewModel.swift */,
				F8B484CF26C0ABE000EE3E53 /* MatchesViewModel.swift */,
				F8A3E7DD26C7371300FD6392 /* PlayersViewModel.swift */,
			);
			path = viewmodel;
			sourceTree = "<group>";
		};
		F8E75EC326A337570000F93F = {
			isa = PBXGroup;
			children = (
				F8E75ECE26A337570000F93F /* Pickleball Pro */,
				F8E75EE026A337590000F93F /* Pickleball ProTests */,
				F8E75EEB26A337590000F93F /* Pickleball ProUITests */,
				F8E75EF526A337590000F93F /* Pickleball Pro WatchKit App */,
				F8E75F0126A3375B0000F93F /* Pickleball Pro WatchKit Extension */,
				F8E75F1A26A3375C0000F93F /* Pickleball Pro WatchKit AppTests */,
				F8E75F2526A3375C0000F93F /* Pickleball Pro WatchKit AppUITests */,
				F8E75ECD26A337570000F93F /* Products */,
				D4F0726FD0D18F0D3FEE268F /* Pods */,
				46D246D3F12D4BC0C34278E6 /* Frameworks */,
			);
			sourceTree = "<group>";
		};
		F8E75ECD26A337570000F93F /* Products */ = {
			isa = PBXGroup;
			children = (
				F8E75ECC26A337570000F93F /* Pickleball Pro.app */,
				F8E75EDD26A337590000F93F /* Pickleball ProTests.xctest */,
				F8E75EE826A337590000F93F /* Pickleball ProUITests.xctest */,
				F8E75EF126A337590000F93F /* Pickleball Pro WatchKit App.app */,
				F8E75EFD26A3375B0000F93F /* Pickleball Pro WatchKit Extension.appex */,
				F8E75F1726A3375C0000F93F /* Pickleball Pro WatchKit AppTests.xctest */,
				F8E75F2226A3375C0000F93F /* Pickleball Pro WatchKit AppUITests.xctest */,
			);
			name = Products;
			sourceTree = "<group>";
		};
		F8E75ECE26A337570000F93F /* Pickleball Pro */ = {
			isa = PBXGroup;
			children = (
				F8BECE4926DDD12A00083AC5 /* Pickleball Pro.entitlements */,
				F8B484BA26C0407300EE3E53 /* utils */,
				F8E75F4226A338F10000F93F /* view */,
				F8E75F4526A33E8A0000F93F /* model */,
				F8B484CE26C0ABD200EE3E53 /* viewmodel */,
				F8A3E7E626D491F900FD6392 /* repository */,
				F8E75ECF26A337570000F93F /* Pickleball_ProApp.swift */,
				F8E75ED126A337570000F93F /* ContentView.swift */,
				F8E75ED326A337580000F93F /* Assets.xcassets */,
				F8BECE4226DDCE1700083AC5 /* GoogleService-Info.plist */,
				F8E75ED826A337580000F93F /* Info.plist */,
				F8E75ED526A337580000F93F /* Preview Content */,
			);
			path = "Pickleball Pro";
			sourceTree = "<group>";
		};
		F8E75ED526A337580000F93F /* Preview Content */ = {
			isa = PBXGroup;
			children = (
				F8E75ED626A337580000F93F /* Preview Assets.xcassets */,
			);
			path = "Preview Content";
			sourceTree = "<group>";
		};
		F8E75EE026A337590000F93F /* Pickleball ProTests */ = {
			isa = PBXGroup;
			children = (
				F8B484BD26C042E200EE3E53 /* MatchTest.swift */,
				F8E75EE326A337590000F93F /* Info.plist */,
				F8A3E7E226CCAC0B00FD6392 /* LiveMatchTest.swift */,
			);
			path = "Pickleball ProTests";
			sourceTree = "<group>";
		};
		F8E75EEB26A337590000F93F /* Pickleball ProUITests */ = {
			isa = PBXGroup;
			children = (
				F8E75EEC26A337590000F93F /* Pickleball_ProUITests.swift */,
				F8E75EEE26A337590000F93F /* Info.plist */,
			);
			path = "Pickleball ProUITests";
			sourceTree = "<group>";
		};
		F8E75EF526A337590000F93F /* Pickleball Pro WatchKit App */ = {
			isa = PBXGroup;
			children = (
				F8E75EF626A3375A0000F93F /* Assets.xcassets */,
				F8E75EF826A3375A0000F93F /* Info.plist */,
			);
			path = "Pickleball Pro WatchKit App";
			sourceTree = "<group>";
		};
		F8E75F0126A3375B0000F93F /* Pickleball Pro WatchKit Extension */ = {
			isa = PBXGroup;
			children = (
				F8E75F0226A3375B0000F93F /* Pickleball_ProApp.swift */,
				F8E75F0426A3375B0000F93F /* ContentView.swift */,
				F8E75F0626A3375B0000F93F /* NotificationController.swift */,
				F8E75F0826A3375B0000F93F /* NotificationView.swift */,
				F8E75F0A26A3375B0000F93F /* ComplicationController.swift */,
				F8E75F0C26A3375C0000F93F /* Assets.xcassets */,
				F8E75F1126A3375C0000F93F /* Info.plist */,
				F8E75F1226A3375C0000F93F /* PushNotificationPayload.apns */,
				F8E75F0E26A3375C0000F93F /* Preview Content */,
			);
			path = "Pickleball Pro WatchKit Extension";
			sourceTree = "<group>";
		};
		F8E75F0E26A3375C0000F93F /* Preview Content */ = {
			isa = PBXGroup;
			children = (
				F8E75F0F26A3375C0000F93F /* Preview Assets.xcassets */,
			);
			path = "Preview Content";
			sourceTree = "<group>";
		};
		F8E75F1A26A3375C0000F93F /* Pickleball Pro WatchKit AppTests */ = {
			isa = PBXGroup;
			children = (
				F8E75F1B26A3375C0000F93F /* Pickleball_Pro_WatchKit_AppTests.swift */,
				F8E75F1D26A3375C0000F93F /* Info.plist */,
			);
			path = "Pickleball Pro WatchKit AppTests";
			sourceTree = "<group>";
		};
		F8E75F2526A3375C0000F93F /* Pickleball Pro WatchKit AppUITests */ = {
			isa = PBXGroup;
			children = (
				F8E75F2626A3375C0000F93F /* Pickleball_Pro_WatchKit_AppUITests.swift */,
				F8E75F2826A3375C0000F93F /* Info.plist */,
			);
			path = "Pickleball Pro WatchKit AppUITests";
			sourceTree = "<group>";
		};
		F8E75F4226A338F10000F93F /* view */ = {
			isa = PBXGroup;
			children = (
				F8B484BF26C04D3600EE3E53 /* MainTabView.swift */,
				F8B484C726C04FB800EE3E53 /* MyMatches */,
				F8B484C826C04FCF00EE3E53 /* MyStats */,
				F8B484C926C04FE400EE3E53 /* ReportMatch */,
				F8B484CA26C04FF200EE3E53 /* Players */,
				F8B484CB26C0500000EE3E53 /* Settings */,
				F8B484B726BF8A8300EE3E53 /* Shared */,
				F8F62AEE26C6299B0030FC5D /* TestView.swift */,
			);
			path = view;
			sourceTree = "<group>";
		};
		F8E75F4526A33E8A0000F93F /* model */ = {
			isa = PBXGroup;
			children = (
				F8E75F4626A33E960000F93F /* Match.swift */,
				F8E75F4826A33EC60000F93F /* Player.swift */,
				F82DB88026BB4E6E0003F7FD /* Stat.swift */,
			);
			path = model;
			sourceTree = "<group>";
		};
/* End PBXGroup section */

/* Begin PBXNativeTarget section */
		F8E75ECB26A337570000F93F /* Pickleball Pro */ = {
			isa = PBXNativeTarget;
			buildConfigurationList = F8E75F3326A3375C0000F93F /* Build configuration list for PBXNativeTarget "Pickleball Pro" */;
			buildPhases = (
				9762BFC50E67E5C53FD78ECB /* [CP] Check Pods Manifest.lock */,
				F8E75EC826A337570000F93F /* Sources */,
				F8E75EC926A337570000F93F /* Frameworks */,
				F8E75ECA26A337570000F93F /* Resources */,
				F8E75F3226A3375C0000F93F /* Embed Watch Content */,
				4E64399026D72EBC9748B33A /* [CP] Embed Pods Frameworks */,
				A1F4413ED902FB7984B53566 /* [CP] Copy Pods Resources */,
			);
			buildRules = (
			);
			dependencies = (
				F8E75EF426A337590000F93F /* PBXTargetDependency */,
			);
			name = "Pickleball Pro";
			packageProductDependencies = (
				F8CC712A26C4D69D00D90FA3 /* SDWebImageSwiftUI */,
				F8A3E7EA26D4971D00FD6392 /* Alamofire */,
			);
			productName = "Pickleball Pro";
			productReference = F8E75ECC26A337570000F93F /* Pickleball Pro.app */;
			productType = "com.apple.product-type.application";
		};
		F8E75EDC26A337590000F93F /* Pickleball ProTests */ = {
			isa = PBXNativeTarget;
			buildConfigurationList = F8E75F3626A3375C0000F93F /* Build configuration list for PBXNativeTarget "Pickleball ProTests" */;
			buildPhases = (
				72AB652965B524267876A1AD /* [CP] Check Pods Manifest.lock */,
				F8E75ED926A337590000F93F /* Sources */,
				F8E75EDA26A337590000F93F /* Frameworks */,
				F8E75EDB26A337590000F93F /* Resources */,
			);
			buildRules = (
			);
			dependencies = (
				F8E75EDF26A337590000F93F /* PBXTargetDependency */,
			);
			name = "Pickleball ProTests";
			productName = "Pickleball ProTests";
			productReference = F8E75EDD26A337590000F93F /* Pickleball ProTests.xctest */;
			productType = "com.apple.product-type.bundle.unit-test";
		};
		F8E75EE726A337590000F93F /* Pickleball ProUITests */ = {
			isa = PBXNativeTarget;
			buildConfigurationList = F8E75F3926A3375C0000F93F /* Build configuration list for PBXNativeTarget "Pickleball ProUITests" */;
			buildPhases = (
				F8E75EE426A337590000F93F /* Sources */,
				F8E75EE526A337590000F93F /* Frameworks */,
				F8E75EE626A337590000F93F /* Resources */,
			);
			buildRules = (
			);
			dependencies = (
				F8E75EEA26A337590000F93F /* PBXTargetDependency */,
			);
			name = "Pickleball ProUITests";
			productName = "Pickleball ProUITests";
			productReference = F8E75EE826A337590000F93F /* Pickleball ProUITests.xctest */;
			productType = "com.apple.product-type.bundle.ui-testing";
		};
		F8E75EF026A337590000F93F /* Pickleball Pro WatchKit App */ = {
			isa = PBXNativeTarget;
			buildConfigurationList = F8E75F2F26A3375C0000F93F /* Build configuration list for PBXNativeTarget "Pickleball Pro WatchKit App" */;
			buildPhases = (
				52B3423F224F2723334041AF /* [CP] Check Pods Manifest.lock */,
				F8E75EEF26A337590000F93F /* Resources */,
				F8E75F2E26A3375C0000F93F /* Embed App Extensions */,
				AA6164645B8377420AFE695D /* Frameworks */,
			);
			buildRules = (
			);
			dependencies = (
				F8E75F0026A3375B0000F93F /* PBXTargetDependency */,
			);
			name = "Pickleball Pro WatchKit App";
			productName = "Pickleball Pro WatchKit App";
			productReference = F8E75EF126A337590000F93F /* Pickleball Pro WatchKit App.app */;
			productType = "com.apple.product-type.application.watchapp2";
		};
		F8E75EFC26A3375B0000F93F /* Pickleball Pro WatchKit Extension */ = {
			isa = PBXNativeTarget;
			buildConfigurationList = F8E75F2B26A3375C0000F93F /* Build configuration list for PBXNativeTarget "Pickleball Pro WatchKit Extension" */;
			buildPhases = (
				7B143C7DEA4D8156652CEE62 /* [CP] Check Pods Manifest.lock */,
				F8E75EF926A3375B0000F93F /* Sources */,
				F8E75EFA26A3375B0000F93F /* Frameworks */,
				F8E75EFB26A3375B0000F93F /* Resources */,
			);
			buildRules = (
			);
			dependencies = (
			);
			name = "Pickleball Pro WatchKit Extension";
			productName = "Pickleball Pro WatchKit Extension";
			productReference = F8E75EFD26A3375B0000F93F /* Pickleball Pro WatchKit Extension.appex */;
			productType = "com.apple.product-type.watchkit2-extension";
		};
		F8E75F1626A3375C0000F93F /* Pickleball Pro WatchKit AppTests */ = {
			isa = PBXNativeTarget;
			buildConfigurationList = F8E75F3C26A3375C0000F93F /* Build configuration list for PBXNativeTarget "Pickleball Pro WatchKit AppTests" */;
			buildPhases = (
				6F7A5DC52C17A64EAB7FA034 /* [CP] Check Pods Manifest.lock */,
				F8E75F1326A3375C0000F93F /* Sources */,
				F8E75F1426A3375C0000F93F /* Frameworks */,
				F8E75F1526A3375C0000F93F /* Resources */,
			);
			buildRules = (
			);
			dependencies = (
				F8E75F1926A3375C0000F93F /* PBXTargetDependency */,
			);
			name = "Pickleball Pro WatchKit AppTests";
			productName = "Pickleball Pro WatchKit AppTests";
			productReference = F8E75F1726A3375C0000F93F /* Pickleball Pro WatchKit AppTests.xctest */;
			productType = "com.apple.product-type.bundle.unit-test";
		};
		F8E75F2126A3375C0000F93F /* Pickleball Pro WatchKit AppUITests */ = {
			isa = PBXNativeTarget;
			buildConfigurationList = F8E75F3F26A3375C0000F93F /* Build configuration list for PBXNativeTarget "Pickleball Pro WatchKit AppUITests" */;
			buildPhases = (
				8993A7E65DF3C913CDBB063C /* [CP] Check Pods Manifest.lock */,
				F8E75F1E26A3375C0000F93F /* Sources */,
				F8E75F1F26A3375C0000F93F /* Frameworks */,
				F8E75F2026A3375C0000F93F /* Resources */,
			);
			buildRules = (
			);
			dependencies = (
				F8E75F2426A3375C0000F93F /* PBXTargetDependency */,
			);
			name = "Pickleball Pro WatchKit AppUITests";
			productName = "Pickleball Pro WatchKit AppUITests";
			productReference = F8E75F2226A3375C0000F93F /* Pickleball Pro WatchKit AppUITests.xctest */;
			productType = "com.apple.product-type.bundle.ui-testing";
		};
/* End PBXNativeTarget section */

/* Begin PBXProject section */
		F8E75EC426A337570000F93F /* Project object */ = {
			isa = PBXProject;
			attributes = {
				LastSwiftUpdateCheck = 1250;
				LastUpgradeCheck = 1250;
				TargetAttributes = {
					F8E75ECB26A337570000F93F = {
						CreatedOnToolsVersion = 12.5.1;
					};
					F8E75EDC26A337590000F93F = {
						CreatedOnToolsVersion = 12.5.1;
						TestTargetID = F8E75ECB26A337570000F93F;
					};
					F8E75EE726A337590000F93F = {
						CreatedOnToolsVersion = 12.5.1;
						TestTargetID = F8E75ECB26A337570000F93F;
					};
					F8E75EF026A337590000F93F = {
						CreatedOnToolsVersion = 12.5.1;
					};
					F8E75EFC26A3375B0000F93F = {
						CreatedOnToolsVersion = 12.5.1;
					};
					F8E75F1626A3375C0000F93F = {
						CreatedOnToolsVersion = 12.5.1;
						TestTargetID = F8E75EFC26A3375B0000F93F;
					};
					F8E75F2126A3375C0000F93F = {
						CreatedOnToolsVersion = 12.5.1;
						TestTargetID = F8E75EF026A337590000F93F;
					};
				};
			};
			buildConfigurationList = F8E75EC726A337570000F93F /* Build configuration list for PBXProject "Pickleball Pro" */;
			compatibilityVersion = "Xcode 9.3";
			developmentRegion = en;
			hasScannedForEncodings = 0;
			knownRegions = (
				en,
				Base,
			);
			mainGroup = F8E75EC326A337570000F93F;
			packageReferences = (
				F8CC712926C4D69D00D90FA3 /* XCRemoteSwiftPackageReference "SDWebImageSwiftUI" */,
				F8A3E7E926D4971D00FD6392 /* XCRemoteSwiftPackageReference "Alamofire" */,
			);
			productRefGroup = F8E75ECD26A337570000F93F /* Products */;
			projectDirPath = "";
			projectRoot = "";
			targets = (
				F8E75ECB26A337570000F93F /* Pickleball Pro */,
				F8E75EDC26A337590000F93F /* Pickleball ProTests */,
				F8E75EE726A337590000F93F /* Pickleball ProUITests */,
				F8E75EF026A337590000F93F /* Pickleball Pro WatchKit App */,
				F8E75EFC26A3375B0000F93F /* Pickleball Pro WatchKit Extension */,
				F8E75F1626A3375C0000F93F /* Pickleball Pro WatchKit AppTests */,
				F8E75F2126A3375C0000F93F /* Pickleball Pro WatchKit AppUITests */,
			);
		};
/* End PBXProject section */

/* Begin PBXResourcesBuildPhase section */
		F8E75ECA26A337570000F93F /* Resources */ = {
			isa = PBXResourcesBuildPhase;
			buildActionMask = 2147483647;
			files = (
				F8E75ED726A337580000F93F /* Preview Assets.xcassets in Resources */,
				F8E75ED426A337580000F93F /* Assets.xcassets in Resources */,
				F8BECE4326DDCE1700083AC5 /* GoogleService-Info.plist in Resources */,
			);
			runOnlyForDeploymentPostprocessing = 0;
		};
		F8E75EDB26A337590000F93F /* Resources */ = {
			isa = PBXResourcesBuildPhase;
			buildActionMask = 2147483647;
			files = (
			);
			runOnlyForDeploymentPostprocessing = 0;
		};
		F8E75EE626A337590000F93F /* Resources */ = {
			isa = PBXResourcesBuildPhase;
			buildActionMask = 2147483647;
			files = (
			);
			runOnlyForDeploymentPostprocessing = 0;
		};
		F8E75EEF26A337590000F93F /* Resources */ = {
			isa = PBXResourcesBuildPhase;
			buildActionMask = 2147483647;
			files = (
				F8E75EF726A3375A0000F93F /* Assets.xcassets in Resources */,
			);
			runOnlyForDeploymentPostprocessing = 0;
		};
		F8E75EFB26A3375B0000F93F /* Resources */ = {
			isa = PBXResourcesBuildPhase;
			buildActionMask = 2147483647;
			files = (
				F8E75F1026A3375C0000F93F /* Preview Assets.xcassets in Resources */,
				F8E75F0D26A3375C0000F93F /* Assets.xcassets in Resources */,
			);
			runOnlyForDeploymentPostprocessing = 0;
		};
		F8E75F1526A3375C0000F93F /* Resources */ = {
			isa = PBXResourcesBuildPhase;
			buildActionMask = 2147483647;
			files = (
			);
			runOnlyForDeploymentPostprocessing = 0;
		};
		F8E75F2026A3375C0000F93F /* Resources */ = {
			isa = PBXResourcesBuildPhase;
			buildActionMask = 2147483647;
			files = (
			);
			runOnlyForDeploymentPostprocessing = 0;
		};
/* End PBXResourcesBuildPhase section */

/* Begin PBXShellScriptBuildPhase section */
		4E64399026D72EBC9748B33A /* [CP] Embed Pods Frameworks */ = {
			isa = PBXShellScriptBuildPhase;
			buildActionMask = 2147483647;
			files = (
			);
			inputFileListPaths = (
				"${PODS_ROOT}/Target Support Files/Pods-Pickleball Pro/Pods-Pickleball Pro-frameworks-${CONFIGURATION}-input-files.xcfilelist",
			);
			name = "[CP] Embed Pods Frameworks";
			outputFileListPaths = (
				"${PODS_ROOT}/Target Support Files/Pods-Pickleball Pro/Pods-Pickleball Pro-frameworks-${CONFIGURATION}-output-files.xcfilelist",
			);
			runOnlyForDeploymentPostprocessing = 0;
			shellPath = /bin/sh;
			shellScript = "\"${PODS_ROOT}/Target Support Files/Pods-Pickleball Pro/Pods-Pickleball Pro-frameworks.sh\"\n";
			showEnvVarsInLog = 0;
		};
		52B3423F224F2723334041AF /* [CP] Check Pods Manifest.lock */ = {
			isa = PBXShellScriptBuildPhase;
			buildActionMask = 2147483647;
			files = (
			);
			inputFileListPaths = (
			);
			inputPaths = (
				"${PODS_PODFILE_DIR_PATH}/Podfile.lock",
				"${PODS_ROOT}/Manifest.lock",
			);
			name = "[CP] Check Pods Manifest.lock";
			outputFileListPaths = (
			);
			outputPaths = (
				"$(DERIVED_FILE_DIR)/Pods-Pickleball Pro WatchKit App-checkManifestLockResult.txt",
			);
			runOnlyForDeploymentPostprocessing = 0;
			shellPath = /bin/sh;
			shellScript = "diff \"${PODS_PODFILE_DIR_PATH}/Podfile.lock\" \"${PODS_ROOT}/Manifest.lock\" > /dev/null\nif [ $? != 0 ] ; then\n    # print error to STDERR\n    echo \"error: The sandbox is not in sync with the Podfile.lock. Run 'pod install' or update your CocoaPods installation.\" >&2\n    exit 1\nfi\n# This output is used by Xcode 'outputs' to avoid re-running this script phase.\necho \"SUCCESS\" > \"${SCRIPT_OUTPUT_FILE_0}\"\n";
			showEnvVarsInLog = 0;
		};
		6F7A5DC52C17A64EAB7FA034 /* [CP] Check Pods Manifest.lock */ = {
			isa = PBXShellScriptBuildPhase;
			buildActionMask = 2147483647;
			files = (
			);
			inputFileListPaths = (
			);
			inputPaths = (
				"${PODS_PODFILE_DIR_PATH}/Podfile.lock",
				"${PODS_ROOT}/Manifest.lock",
			);
			name = "[CP] Check Pods Manifest.lock";
			outputFileListPaths = (
			);
			outputPaths = (
				"$(DERIVED_FILE_DIR)/Pods-Pickleball Pro WatchKit AppTests-checkManifestLockResult.txt",
			);
			runOnlyForDeploymentPostprocessing = 0;
			shellPath = /bin/sh;
			shellScript = "diff \"${PODS_PODFILE_DIR_PATH}/Podfile.lock\" \"${PODS_ROOT}/Manifest.lock\" > /dev/null\nif [ $? != 0 ] ; then\n    # print error to STDERR\n    echo \"error: The sandbox is not in sync with the Podfile.lock. Run 'pod install' or update your CocoaPods installation.\" >&2\n    exit 1\nfi\n# This output is used by Xcode 'outputs' to avoid re-running this script phase.\necho \"SUCCESS\" > \"${SCRIPT_OUTPUT_FILE_0}\"\n";
			showEnvVarsInLog = 0;
		};
		72AB652965B524267876A1AD /* [CP] Check Pods Manifest.lock */ = {
			isa = PBXShellScriptBuildPhase;
			buildActionMask = 2147483647;
			files = (
			);
			inputFileListPaths = (
			);
			inputPaths = (
				"${PODS_PODFILE_DIR_PATH}/Podfile.lock",
				"${PODS_ROOT}/Manifest.lock",
			);
			name = "[CP] Check Pods Manifest.lock";
			outputFileListPaths = (
			);
			outputPaths = (
				"$(DERIVED_FILE_DIR)/Pods-Pickleball ProTests-checkManifestLockResult.txt",
			);
			runOnlyForDeploymentPostprocessing = 0;
			shellPath = /bin/sh;
			shellScript = "diff \"${PODS_PODFILE_DIR_PATH}/Podfile.lock\" \"${PODS_ROOT}/Manifest.lock\" > /dev/null\nif [ $? != 0 ] ; then\n    # print error to STDERR\n    echo \"error: The sandbox is not in sync with the Podfile.lock. Run 'pod install' or update your CocoaPods installation.\" >&2\n    exit 1\nfi\n# This output is used by Xcode 'outputs' to avoid re-running this script phase.\necho \"SUCCESS\" > \"${SCRIPT_OUTPUT_FILE_0}\"\n";
			showEnvVarsInLog = 0;
		};
		7B143C7DEA4D8156652CEE62 /* [CP] Check Pods Manifest.lock */ = {
			isa = PBXShellScriptBuildPhase;
			buildActionMask = 2147483647;
			files = (
			);
			inputFileListPaths = (
			);
			inputPaths = (
				"${PODS_PODFILE_DIR_PATH}/Podfile.lock",
				"${PODS_ROOT}/Manifest.lock",
			);
			name = "[CP] Check Pods Manifest.lock";
			outputFileListPaths = (
			);
			outputPaths = (
				"$(DERIVED_FILE_DIR)/Pods-Pickleball Pro WatchKit Extension-checkManifestLockResult.txt",
			);
			runOnlyForDeploymentPostprocessing = 0;
			shellPath = /bin/sh;
			shellScript = "diff \"${PODS_PODFILE_DIR_PATH}/Podfile.lock\" \"${PODS_ROOT}/Manifest.lock\" > /dev/null\nif [ $? != 0 ] ; then\n    # print error to STDERR\n    echo \"error: The sandbox is not in sync with the Podfile.lock. Run 'pod install' or update your CocoaPods installation.\" >&2\n    exit 1\nfi\n# This output is used by Xcode 'outputs' to avoid re-running this script phase.\necho \"SUCCESS\" > \"${SCRIPT_OUTPUT_FILE_0}\"\n";
			showEnvVarsInLog = 0;
		};
		8993A7E65DF3C913CDBB063C /* [CP] Check Pods Manifest.lock */ = {
			isa = PBXShellScriptBuildPhase;
			buildActionMask = 2147483647;
			files = (
			);
			inputFileListPaths = (
			);
			inputPaths = (
				"${PODS_PODFILE_DIR_PATH}/Podfile.lock",
				"${PODS_ROOT}/Manifest.lock",
			);
			name = "[CP] Check Pods Manifest.lock";
			outputFileListPaths = (
			);
			outputPaths = (
				"$(DERIVED_FILE_DIR)/Pods-Pickleball Pro WatchKit App-Pickleball Pro WatchKit AppUITests-checkManifestLockResult.txt",
			);
			runOnlyForDeploymentPostprocessing = 0;
			shellPath = /bin/sh;
			shellScript = "diff \"${PODS_PODFILE_DIR_PATH}/Podfile.lock\" \"${PODS_ROOT}/Manifest.lock\" > /dev/null\nif [ $? != 0 ] ; then\n    # print error to STDERR\n    echo \"error: The sandbox is not in sync with the Podfile.lock. Run 'pod install' or update your CocoaPods installation.\" >&2\n    exit 1\nfi\n# This output is used by Xcode 'outputs' to avoid re-running this script phase.\necho \"SUCCESS\" > \"${SCRIPT_OUTPUT_FILE_0}\"\n";
			showEnvVarsInLog = 0;
		};
		9762BFC50E67E5C53FD78ECB /* [CP] Check Pods Manifest.lock */ = {
			isa = PBXShellScriptBuildPhase;
			buildActionMask = 2147483647;
			files = (
			);
			inputFileListPaths = (
			);
			inputPaths = (
				"${PODS_PODFILE_DIR_PATH}/Podfile.lock",
				"${PODS_ROOT}/Manifest.lock",
			);
			name = "[CP] Check Pods Manifest.lock";
			outputFileListPaths = (
			);
			outputPaths = (
				"$(DERIVED_FILE_DIR)/Pods-Pickleball Pro-checkManifestLockResult.txt",
			);
			runOnlyForDeploymentPostprocessing = 0;
			shellPath = /bin/sh;
			shellScript = "diff \"${PODS_PODFILE_DIR_PATH}/Podfile.lock\" \"${PODS_ROOT}/Manifest.lock\" > /dev/null\nif [ $? != 0 ] ; then\n    # print error to STDERR\n    echo \"error: The sandbox is not in sync with the Podfile.lock. Run 'pod install' or update your CocoaPods installation.\" >&2\n    exit 1\nfi\n# This output is used by Xcode 'outputs' to avoid re-running this script phase.\necho \"SUCCESS\" > \"${SCRIPT_OUTPUT_FILE_0}\"\n";
			showEnvVarsInLog = 0;
		};
		A1F4413ED902FB7984B53566 /* [CP] Copy Pods Resources */ = {
			isa = PBXShellScriptBuildPhase;
			buildActionMask = 2147483647;
			files = (
			);
			inputFileListPaths = (
				"${PODS_ROOT}/Target Support Files/Pods-Pickleball Pro/Pods-Pickleball Pro-resources-${CONFIGURATION}-input-files.xcfilelist",
			);
			name = "[CP] Copy Pods Resources";
			outputFileListPaths = (
				"${PODS_ROOT}/Target Support Files/Pods-Pickleball Pro/Pods-Pickleball Pro-resources-${CONFIGURATION}-output-files.xcfilelist",
			);
			runOnlyForDeploymentPostprocessing = 0;
			shellPath = /bin/sh;
			shellScript = "\"${PODS_ROOT}/Target Support Files/Pods-Pickleball Pro/Pods-Pickleball Pro-resources.sh\"\n";
			showEnvVarsInLog = 0;
		};
/* End PBXShellScriptBuildPhase section */

/* Begin PBXSourcesBuildPhase section */
		F8E75EC826A337570000F93F /* Sources */ = {
			isa = PBXSourcesBuildPhase;
			buildActionMask = 2147483647;
			files = (
				F82DB87F26BB4E570003F7FD /* StatView.swift in Sources */,
				F8B484C226C04F4100EE3E53 /* MyStatsView.swift in Sources */,
				F8E75ED226A337570000F93F /* ContentView.swift in Sources */,
				F8B484D026C0ABE000EE3E53 /* MatchesViewModel.swift in Sources */,
				F8B42A6226EA999C008BD63C /* ModalView.swift in Sources */,
				F8B42A6026EA842C008BD63C /* SelectServerModal.swift in Sources */,
				F8B484C626C04F7800EE3E53 /* PlayersView.swift in Sources */,
				F8CC712826C4302200D90FA3 /* EnterMatchScoreView.swift in Sources */,
				F8E75ED026A337570000F93F /* Pickleball_ProApp.swift in Sources */,
				F8B484B626BF83F700EE3E53 /* StatTracker.swift in Sources */,
				F82DB87B26BB48F00003F7FD /* MatchStatsView.swift in Sources */,
				F8B484C426C04F6800EE3E53 /* ReportMatchView.swift in Sources */,
				F8E75F4426A339170000F93F /* MatchScoreView.swift in Sources */,
				F8CC712626C42F0800D90FA3 /* LiveMatchView.swift in Sources */,
				F8F62AEF26C6299B0030FC5D /* TestView.swift in Sources */,
				F8E75F4926A33EC60000F93F /* Player.swift in Sources */,
				F8BECE3F26D9E39200083AC5 /* Secrets.swift in Sources */,
				F8E75F4726A33E960000F93F /* Match.swift in Sources */,
				F8A3E7E526CED27400FD6392 /* SelectPlayersView.swift in Sources */,
				F8A3E7F126D70CD900FD6392 /* PlayerDetailsView.swift in Sources */,
				F82DB87D26BB4B960003F7FD /* MatchDetailView.swift in Sources */,
				F8C9187F2725C7980042A14C /* ErrorView.swift in Sources */,
				F8B484C026C04D3600EE3E53 /* MainTabView.swift in Sources */,
				F82DB88526BDB7730003F7FD /* MatchSummaryView.swift in Sources */,
				F8BECE4126D9E76D00083AC5 /* BaseViewModel.swift in Sources */,
				F82DB88326BCF6710003F7FD /* MyMatchesView.swift in Sources */,
				F82DB88126BB4E6E0003F7FD /* Stat.swift in Sources */,
				F8B484BC26C0408000EE3E53 /* Extensions.swift in Sources */,
				F8A4C80126A34486001A6655 /* RoundImageView.swift in Sources */,
				F8A3E7EF26D705C500FD6392 /* PlayerSummaryView.swift in Sources */,
				F8C918812725CD820042A14C /* DefaultStateView.swift in Sources */,
				F897347027209409004B440E /* InitialsImageView.swift in Sources */,
				F8973474272107BE004B440E /* Preferences.swift in Sources */,
				F8A3E7DE26C7371300FD6392 /* PlayersViewModel.swift in Sources */,
				F8A4C80526A34D75001A6655 /* StackedRoundImageViews.swift in Sources */,
				F8BECE3D26D9DAE600083AC5 /* ErrorHandler.swift in Sources */,
				F8BECE4D26DDDA2900083AC5 /* LoginView.swift in Sources */,
				F8B484CD26C0517300EE3E53 /* SettingsView.swift in Sources */,
				F8CBF3A72729D40100643E8F /* ProAlert.swift in Sources */,
				F8A3E7E826D4920F00FD6392 /* Repository.swift in Sources */,
			);
			runOnlyForDeploymentPostprocessing = 0;
		};
		F8E75ED926A337590000F93F /* Sources */ = {
			isa = PBXSourcesBuildPhase;
			buildActionMask = 2147483647;
			files = (
				F8B484BE26C042E200EE3E53 /* MatchTest.swift in Sources */,
				F8A3E7E326CCAC0B00FD6392 /* LiveMatchTest.swift in Sources */,
			);
			runOnlyForDeploymentPostprocessing = 0;
		};
		F8E75EE426A337590000F93F /* Sources */ = {
			isa = PBXSourcesBuildPhase;
			buildActionMask = 2147483647;
			files = (
				F8E75EED26A337590000F93F /* Pickleball_ProUITests.swift in Sources */,
			);
			runOnlyForDeploymentPostprocessing = 0;
		};
		F8E75EF926A3375B0000F93F /* Sources */ = {
			isa = PBXSourcesBuildPhase;
			buildActionMask = 2147483647;
			files = (
				F8E75F0726A3375B0000F93F /* NotificationController.swift in Sources */,
				F8E75F0526A3375B0000F93F /* ContentView.swift in Sources */,
				F8E75F0B26A3375B0000F93F /* ComplicationController.swift in Sources */,
				F8E75F0326A3375B0000F93F /* Pickleball_ProApp.swift in Sources */,
				F8E75F0926A3375B0000F93F /* NotificationView.swift in Sources */,
			);
			runOnlyForDeploymentPostprocessing = 0;
		};
		F8E75F1326A3375C0000F93F /* Sources */ = {
			isa = PBXSourcesBuildPhase;
			buildActionMask = 2147483647;
			files = (
				F8E75F1C26A3375C0000F93F /* Pickleball_Pro_WatchKit_AppTests.swift in Sources */,
			);
			runOnlyForDeploymentPostprocessing = 0;
		};
		F8E75F1E26A3375C0000F93F /* Sources */ = {
			isa = PBXSourcesBuildPhase;
			buildActionMask = 2147483647;
			files = (
				F8E75F2726A3375C0000F93F /* Pickleball_Pro_WatchKit_AppUITests.swift in Sources */,
			);
			runOnlyForDeploymentPostprocessing = 0;
		};
/* End PBXSourcesBuildPhase section */

/* Begin PBXTargetDependency section */
		F8E75EDF26A337590000F93F /* PBXTargetDependency */ = {
			isa = PBXTargetDependency;
			target = F8E75ECB26A337570000F93F /* Pickleball Pro */;
			targetProxy = F8E75EDE26A337590000F93F /* PBXContainerItemProxy */;
		};
		F8E75EEA26A337590000F93F /* PBXTargetDependency */ = {
			isa = PBXTargetDependency;
			target = F8E75ECB26A337570000F93F /* Pickleball Pro */;
			targetProxy = F8E75EE926A337590000F93F /* PBXContainerItemProxy */;
		};
		F8E75EF426A337590000F93F /* PBXTargetDependency */ = {
			isa = PBXTargetDependency;
			target = F8E75EF026A337590000F93F /* Pickleball Pro WatchKit App */;
			targetProxy = F8E75EF326A337590000F93F /* PBXContainerItemProxy */;
		};
		F8E75F0026A3375B0000F93F /* PBXTargetDependency */ = {
			isa = PBXTargetDependency;
			target = F8E75EFC26A3375B0000F93F /* Pickleball Pro WatchKit Extension */;
			targetProxy = F8E75EFF26A3375B0000F93F /* PBXContainerItemProxy */;
		};
		F8E75F1926A3375C0000F93F /* PBXTargetDependency */ = {
			isa = PBXTargetDependency;
			target = F8E75EFC26A3375B0000F93F /* Pickleball Pro WatchKit Extension */;
			targetProxy = F8E75F1826A3375C0000F93F /* PBXContainerItemProxy */;
		};
		F8E75F2426A3375C0000F93F /* PBXTargetDependency */ = {
			isa = PBXTargetDependency;
			target = F8E75EF026A337590000F93F /* Pickleball Pro WatchKit App */;
			targetProxy = F8E75F2326A3375C0000F93F /* PBXContainerItemProxy */;
		};
/* End PBXTargetDependency section */

/* Begin XCBuildConfiguration section */
		F8E75F2926A3375C0000F93F /* Debug */ = {
			isa = XCBuildConfiguration;
			buildSettings = {
				ALWAYS_SEARCH_USER_PATHS = NO;
				CLANG_ANALYZER_NONNULL = YES;
				CLANG_ANALYZER_NUMBER_OBJECT_CONVERSION = YES_AGGRESSIVE;
				CLANG_CXX_LANGUAGE_STANDARD = "gnu++14";
				CLANG_CXX_LIBRARY = "libc++";
				CLANG_ENABLE_MODULES = YES;
				CLANG_ENABLE_OBJC_ARC = YES;
				CLANG_ENABLE_OBJC_WEAK = YES;
				CLANG_WARN_BLOCK_CAPTURE_AUTORELEASING = YES;
				CLANG_WARN_BOOL_CONVERSION = YES;
				CLANG_WARN_COMMA = YES;
				CLANG_WARN_CONSTANT_CONVERSION = YES;
				CLANG_WARN_DEPRECATED_OBJC_IMPLEMENTATIONS = YES;
				CLANG_WARN_DIRECT_OBJC_ISA_USAGE = YES_ERROR;
				CLANG_WARN_DOCUMENTATION_COMMENTS = YES;
				CLANG_WARN_EMPTY_BODY = YES;
				CLANG_WARN_ENUM_CONVERSION = YES;
				CLANG_WARN_INFINITE_RECURSION = YES;
				CLANG_WARN_INT_CONVERSION = YES;
				CLANG_WARN_NON_LITERAL_NULL_CONVERSION = YES;
				CLANG_WARN_OBJC_IMPLICIT_RETAIN_SELF = YES;
				CLANG_WARN_OBJC_LITERAL_CONVERSION = YES;
				CLANG_WARN_OBJC_ROOT_CLASS = YES_ERROR;
				CLANG_WARN_QUOTED_INCLUDE_IN_FRAMEWORK_HEADER = YES;
				CLANG_WARN_RANGE_LOOP_ANALYSIS = YES;
				CLANG_WARN_STRICT_PROTOTYPES = YES;
				CLANG_WARN_SUSPICIOUS_MOVE = YES;
				CLANG_WARN_UNGUARDED_AVAILABILITY = YES_AGGRESSIVE;
				CLANG_WARN_UNREACHABLE_CODE = YES;
				CLANG_WARN__DUPLICATE_METHOD_MATCH = YES;
				COPY_PHASE_STRIP = NO;
				DEBUG_INFORMATION_FORMAT = dwarf;
				ENABLE_STRICT_OBJC_MSGSEND = YES;
				ENABLE_TESTABILITY = YES;
				GCC_C_LANGUAGE_STANDARD = gnu11;
				GCC_DYNAMIC_NO_PIC = NO;
				GCC_NO_COMMON_BLOCKS = YES;
				GCC_OPTIMIZATION_LEVEL = 0;
				GCC_PREPROCESSOR_DEFINITIONS = (
					"DEBUG=1",
					"$(inherited)",
				);
				GCC_WARN_64_TO_32_BIT_CONVERSION = YES;
				GCC_WARN_ABOUT_RETURN_TYPE = YES_ERROR;
				GCC_WARN_UNDECLARED_SELECTOR = YES;
				GCC_WARN_UNINITIALIZED_AUTOS = YES_AGGRESSIVE;
				GCC_WARN_UNUSED_FUNCTION = YES;
				GCC_WARN_UNUSED_VARIABLE = YES;
				IPHONEOS_DEPLOYMENT_TARGET = 14.1;
				MTL_ENABLE_DEBUG_INFO = INCLUDE_SOURCE;
				MTL_FAST_MATH = YES;
				ONLY_ACTIVE_ARCH = YES;
				SWIFT_ACTIVE_COMPILATION_CONDITIONS = DEBUG;
				SWIFT_OPTIMIZATION_LEVEL = "-Onone";
			};
			name = Debug;
		};
		F8E75F2A26A3375C0000F93F /* Release */ = {
			isa = XCBuildConfiguration;
			buildSettings = {
				ALWAYS_SEARCH_USER_PATHS = NO;
				CLANG_ANALYZER_NONNULL = YES;
				CLANG_ANALYZER_NUMBER_OBJECT_CONVERSION = YES_AGGRESSIVE;
				CLANG_CXX_LANGUAGE_STANDARD = "gnu++14";
				CLANG_CXX_LIBRARY = "libc++";
				CLANG_ENABLE_MODULES = YES;
				CLANG_ENABLE_OBJC_ARC = YES;
				CLANG_ENABLE_OBJC_WEAK = YES;
				CLANG_WARN_BLOCK_CAPTURE_AUTORELEASING = YES;
				CLANG_WARN_BOOL_CONVERSION = YES;
				CLANG_WARN_COMMA = YES;
				CLANG_WARN_CONSTANT_CONVERSION = YES;
				CLANG_WARN_DEPRECATED_OBJC_IMPLEMENTATIONS = YES;
				CLANG_WARN_DIRECT_OBJC_ISA_USAGE = YES_ERROR;
				CLANG_WARN_DOCUMENTATION_COMMENTS = YES;
				CLANG_WARN_EMPTY_BODY = YES;
				CLANG_WARN_ENUM_CONVERSION = YES;
				CLANG_WARN_INFINITE_RECURSION = YES;
				CLANG_WARN_INT_CONVERSION = YES;
				CLANG_WARN_NON_LITERAL_NULL_CONVERSION = YES;
				CLANG_WARN_OBJC_IMPLICIT_RETAIN_SELF = YES;
				CLANG_WARN_OBJC_LITERAL_CONVERSION = YES;
				CLANG_WARN_OBJC_ROOT_CLASS = YES_ERROR;
				CLANG_WARN_QUOTED_INCLUDE_IN_FRAMEWORK_HEADER = YES;
				CLANG_WARN_RANGE_LOOP_ANALYSIS = YES;
				CLANG_WARN_STRICT_PROTOTYPES = YES;
				CLANG_WARN_SUSPICIOUS_MOVE = YES;
				CLANG_WARN_UNGUARDED_AVAILABILITY = YES_AGGRESSIVE;
				CLANG_WARN_UNREACHABLE_CODE = YES;
				CLANG_WARN__DUPLICATE_METHOD_MATCH = YES;
				COPY_PHASE_STRIP = NO;
				DEBUG_INFORMATION_FORMAT = "dwarf-with-dsym";
				ENABLE_NS_ASSERTIONS = NO;
				ENABLE_STRICT_OBJC_MSGSEND = YES;
				GCC_C_LANGUAGE_STANDARD = gnu11;
				GCC_NO_COMMON_BLOCKS = YES;
				GCC_WARN_64_TO_32_BIT_CONVERSION = YES;
				GCC_WARN_ABOUT_RETURN_TYPE = YES_ERROR;
				GCC_WARN_UNDECLARED_SELECTOR = YES;
				GCC_WARN_UNINITIALIZED_AUTOS = YES_AGGRESSIVE;
				GCC_WARN_UNUSED_FUNCTION = YES;
				GCC_WARN_UNUSED_VARIABLE = YES;
				IPHONEOS_DEPLOYMENT_TARGET = 14.1;
				MTL_ENABLE_DEBUG_INFO = NO;
				MTL_FAST_MATH = YES;
				SWIFT_COMPILATION_MODE = wholemodule;
				SWIFT_OPTIMIZATION_LEVEL = "-O";
			};
			name = Release;
		};
		F8E75F2C26A3375C0000F93F /* Debug */ = {
			isa = XCBuildConfiguration;
			baseConfigurationReference = 2115EF9DDAAF52C0DBE759F8 /* Pods-Pickleball Pro WatchKit Extension.debug.xcconfig */;
			buildSettings = {
				ASSETCATALOG_COMPILER_COMPLICATION_NAME = Complication;
				CODE_SIGN_STYLE = Automatic;
				DEVELOPMENT_ASSET_PATHS = "\"Pickleball Pro WatchKit Extension/Preview Content\"";
				DEVELOPMENT_TEAM = G9JN5J3VZ9;
				ENABLE_PREVIEWS = YES;
				INFOPLIST_FILE = "Pickleball Pro WatchKit Extension/Info.plist";
				LD_RUNPATH_SEARCH_PATHS = (
					"$(inherited)",
					"@executable_path/Frameworks",
					"@executable_path/../../Frameworks",
				);
				PRODUCT_BUNDLE_IDENTIFIER = "com.romrell4.Pickleball-Pro.watchkitapp.watchkitextension";
				PRODUCT_NAME = "${TARGET_NAME}";
				SDKROOT = watchos;
				SKIP_INSTALL = YES;
				SWIFT_VERSION = 5.0;
				TARGETED_DEVICE_FAMILY = 4;
				WATCHOS_DEPLOYMENT_TARGET = 7.4;
			};
			name = Debug;
		};
		F8E75F2D26A3375C0000F93F /* Release */ = {
			isa = XCBuildConfiguration;
			baseConfigurationReference = AB6F34F7EE1A5387C44FE0D5 /* Pods-Pickleball Pro WatchKit Extension.release.xcconfig */;
			buildSettings = {
				ASSETCATALOG_COMPILER_COMPLICATION_NAME = Complication;
				CODE_SIGN_STYLE = Automatic;
				DEVELOPMENT_ASSET_PATHS = "\"Pickleball Pro WatchKit Extension/Preview Content\"";
				DEVELOPMENT_TEAM = G9JN5J3VZ9;
				ENABLE_PREVIEWS = YES;
				INFOPLIST_FILE = "Pickleball Pro WatchKit Extension/Info.plist";
				LD_RUNPATH_SEARCH_PATHS = (
					"$(inherited)",
					"@executable_path/Frameworks",
					"@executable_path/../../Frameworks",
				);
				PRODUCT_BUNDLE_IDENTIFIER = "com.romrell4.Pickleball-Pro.watchkitapp.watchkitextension";
				PRODUCT_NAME = "${TARGET_NAME}";
				SDKROOT = watchos;
				SKIP_INSTALL = YES;
				SWIFT_VERSION = 5.0;
				TARGETED_DEVICE_FAMILY = 4;
				VALIDATE_PRODUCT = YES;
				WATCHOS_DEPLOYMENT_TARGET = 7.4;
			};
			name = Release;
		};
		F8E75F3026A3375C0000F93F /* Debug */ = {
			isa = XCBuildConfiguration;
			baseConfigurationReference = E3AA6A34EBF7E2101CA0A4F1 /* Pods-Pickleball Pro WatchKit App.debug.xcconfig */;
			buildSettings = {
				ALWAYS_EMBED_SWIFT_STANDARD_LIBRARIES = YES;
				ASSETCATALOG_COMPILER_APPICON_NAME = AppIcon;
				ASSETCATALOG_COMPILER_GLOBAL_ACCENT_COLOR_NAME = AccentColor;
				CODE_SIGN_STYLE = Automatic;
				DEVELOPMENT_TEAM = G9JN5J3VZ9;
				IBSC_MODULE = Pickleball_Pro_WatchKit_Extension;
				INFOPLIST_FILE = "Pickleball Pro WatchKit App/Info.plist";
				PRODUCT_BUNDLE_IDENTIFIER = "com.romrell4.Pickleball-Pro.watchkitapp";
				PRODUCT_NAME = "$(TARGET_NAME)";
				SDKROOT = watchos;
				SKIP_INSTALL = YES;
				SWIFT_VERSION = 5.0;
				TARGETED_DEVICE_FAMILY = 4;
				WATCHOS_DEPLOYMENT_TARGET = 7.4;
			};
			name = Debug;
		};
		F8E75F3126A3375C0000F93F /* Release */ = {
			isa = XCBuildConfiguration;
			baseConfigurationReference = 1E3FC6D319F2A9A624281C2E /* Pods-Pickleball Pro WatchKit App.release.xcconfig */;
			buildSettings = {
				ALWAYS_EMBED_SWIFT_STANDARD_LIBRARIES = YES;
				ASSETCATALOG_COMPILER_APPICON_NAME = AppIcon;
				ASSETCATALOG_COMPILER_GLOBAL_ACCENT_COLOR_NAME = AccentColor;
				CODE_SIGN_STYLE = Automatic;
				DEVELOPMENT_TEAM = G9JN5J3VZ9;
				IBSC_MODULE = Pickleball_Pro_WatchKit_Extension;
				INFOPLIST_FILE = "Pickleball Pro WatchKit App/Info.plist";
				PRODUCT_BUNDLE_IDENTIFIER = "com.romrell4.Pickleball-Pro.watchkitapp";
				PRODUCT_NAME = "$(TARGET_NAME)";
				SDKROOT = watchos;
				SKIP_INSTALL = YES;
				SWIFT_VERSION = 5.0;
				TARGETED_DEVICE_FAMILY = 4;
				VALIDATE_PRODUCT = YES;
				WATCHOS_DEPLOYMENT_TARGET = 7.4;
			};
			name = Release;
		};
		F8E75F3426A3375C0000F93F /* Debug */ = {
			isa = XCBuildConfiguration;
			baseConfigurationReference = 54DE0D5F13F8BD755B107420 /* Pods-Pickleball Pro.debug.xcconfig */;
			buildSettings = {
				ASSETCATALOG_COMPILER_APPICON_NAME = AppIcon;
				ASSETCATALOG_COMPILER_GLOBAL_ACCENT_COLOR_NAME = AccentColor;
				CODE_SIGN_ENTITLEMENTS = "Pickleball Pro/Pickleball Pro.entitlements";
				CODE_SIGN_STYLE = Automatic;
				DEVELOPMENT_ASSET_PATHS = "\"Pickleball Pro/Preview Content\"";
				DEVELOPMENT_TEAM = G9JN5J3VZ9;
				ENABLE_PREVIEWS = YES;
				INFOPLIST_FILE = "Pickleball Pro/Info.plist";
				IPHONEOS_DEPLOYMENT_TARGET = 14.1;
				LD_RUNPATH_SEARCH_PATHS = (
					"$(inherited)",
					"@executable_path/Frameworks",
				);
				PRODUCT_BUNDLE_IDENTIFIER = "com.romrell4.Pickleball-Pro";
				PRODUCT_NAME = "$(TARGET_NAME)";
				SDKROOT = iphoneos;
				SWIFT_VERSION = 5.0;
				TARGETED_DEVICE_FAMILY = "1,2";
			};
			name = Debug;
		};
		F8E75F3526A3375C0000F93F /* Release */ = {
			isa = XCBuildConfiguration;
			baseConfigurationReference = 77AC1AAA049DAD2D1A3CEB86 /* Pods-Pickleball Pro.release.xcconfig */;
			buildSettings = {
				ASSETCATALOG_COMPILER_APPICON_NAME = AppIcon;
				ASSETCATALOG_COMPILER_GLOBAL_ACCENT_COLOR_NAME = AccentColor;
				CODE_SIGN_ENTITLEMENTS = "Pickleball Pro/Pickleball Pro.entitlements";
				CODE_SIGN_STYLE = Automatic;
				DEVELOPMENT_ASSET_PATHS = "\"Pickleball Pro/Preview Content\"";
				DEVELOPMENT_TEAM = G9JN5J3VZ9;
				ENABLE_PREVIEWS = YES;
				INFOPLIST_FILE = "Pickleball Pro/Info.plist";
				IPHONEOS_DEPLOYMENT_TARGET = 14.1;
				LD_RUNPATH_SEARCH_PATHS = (
					"$(inherited)",
					"@executable_path/Frameworks",
				);
				PRODUCT_BUNDLE_IDENTIFIER = "com.romrell4.Pickleball-Pro";
				PRODUCT_NAME = "$(TARGET_NAME)";
				SDKROOT = iphoneos;
				SWIFT_VERSION = 5.0;
				TARGETED_DEVICE_FAMILY = "1,2";
				VALIDATE_PRODUCT = YES;
			};
			name = Release;
		};
		F8E75F3726A3375C0000F93F /* Debug */ = {
			isa = XCBuildConfiguration;
			baseConfigurationReference = 98F1C21810673DD3E273D782 /* Pods-Pickleball ProTests.debug.xcconfig */;
			buildSettings = {
				ALWAYS_EMBED_SWIFT_STANDARD_LIBRARIES = YES;
				BUNDLE_LOADER = "$(TEST_HOST)";
				CODE_SIGN_STYLE = Automatic;
				DEVELOPMENT_TEAM = G9JN5J3VZ9;
				INFOPLIST_FILE = "Pickleball ProTests/Info.plist";
				IPHONEOS_DEPLOYMENT_TARGET = 14.5;
				LD_RUNPATH_SEARCH_PATHS = (
					"$(inherited)",
					"@executable_path/Frameworks",
					"@loader_path/Frameworks",
					"$(FRAMEWORK_SEARCH_PATHS)",
				);
				PRODUCT_BUNDLE_IDENTIFIER = "com.romrell4.Pickleball-ProTests";
				PRODUCT_NAME = "$(TARGET_NAME)";
				SDKROOT = iphoneos;
				SWIFT_VERSION = 5.0;
				TARGETED_DEVICE_FAMILY = "1,2";
				TEST_HOST = "$(BUILT_PRODUCTS_DIR)/Pickleball Pro.app/Pickleball Pro";
			};
			name = Debug;
		};
		F8E75F3826A3375C0000F93F /* Release */ = {
			isa = XCBuildConfiguration;
			baseConfigurationReference = FADB2A0A7F2C6C952EF6AFE1 /* Pods-Pickleball ProTests.release.xcconfig */;
			buildSettings = {
				ALWAYS_EMBED_SWIFT_STANDARD_LIBRARIES = YES;
				BUNDLE_LOADER = "$(TEST_HOST)";
				CODE_SIGN_STYLE = Automatic;
				DEVELOPMENT_TEAM = G9JN5J3VZ9;
				INFOPLIST_FILE = "Pickleball ProTests/Info.plist";
				IPHONEOS_DEPLOYMENT_TARGET = 14.5;
				LD_RUNPATH_SEARCH_PATHS = (
					"$(inherited)",
					"@executable_path/Frameworks",
					"@loader_path/Frameworks",
					"$(FRAMEWORK_SEARCH_PATHS)",
				);
				PRODUCT_BUNDLE_IDENTIFIER = "com.romrell4.Pickleball-ProTests";
				PRODUCT_NAME = "$(TARGET_NAME)";
				SDKROOT = iphoneos;
				SWIFT_VERSION = 5.0;
				TARGETED_DEVICE_FAMILY = "1,2";
				TEST_HOST = "$(BUILT_PRODUCTS_DIR)/Pickleball Pro.app/Pickleball Pro";
				VALIDATE_PRODUCT = YES;
			};
			name = Release;
		};
		F8E75F3A26A3375C0000F93F /* Debug */ = {
			isa = XCBuildConfiguration;
			buildSettings = {
				ALWAYS_EMBED_SWIFT_STANDARD_LIBRARIES = YES;
				CODE_SIGN_STYLE = Automatic;
				DEVELOPMENT_TEAM = G9JN5J3VZ9;
				INFOPLIST_FILE = "Pickleball ProUITests/Info.plist";
				IPHONEOS_DEPLOYMENT_TARGET = 14.5;
				LD_RUNPATH_SEARCH_PATHS = (
					"$(inherited)",
					"@executable_path/Frameworks",
					"@loader_path/Frameworks",
				);
				PRODUCT_BUNDLE_IDENTIFIER = "com.romrell4.Pickleball-ProUITests";
				PRODUCT_NAME = "$(TARGET_NAME)";
				SDKROOT = iphoneos;
				SWIFT_VERSION = 5.0;
				TARGETED_DEVICE_FAMILY = "1,2";
				TEST_TARGET_NAME = "Pickleball Pro";
			};
			name = Debug;
		};
		F8E75F3B26A3375C0000F93F /* Release */ = {
			isa = XCBuildConfiguration;
			buildSettings = {
				ALWAYS_EMBED_SWIFT_STANDARD_LIBRARIES = YES;
				CODE_SIGN_STYLE = Automatic;
				DEVELOPMENT_TEAM = G9JN5J3VZ9;
				INFOPLIST_FILE = "Pickleball ProUITests/Info.plist";
				IPHONEOS_DEPLOYMENT_TARGET = 14.5;
				LD_RUNPATH_SEARCH_PATHS = (
					"$(inherited)",
					"@executable_path/Frameworks",
					"@loader_path/Frameworks",
				);
				PRODUCT_BUNDLE_IDENTIFIER = "com.romrell4.Pickleball-ProUITests";
				PRODUCT_NAME = "$(TARGET_NAME)";
				SDKROOT = iphoneos;
				SWIFT_VERSION = 5.0;
				TARGETED_DEVICE_FAMILY = "1,2";
				TEST_TARGET_NAME = "Pickleball Pro";
				VALIDATE_PRODUCT = YES;
			};
			name = Release;
		};
		F8E75F3D26A3375C0000F93F /* Debug */ = {
			isa = XCBuildConfiguration;
			baseConfigurationReference = 96F796578F73131E7BA05E67 /* Pods-Pickleball Pro WatchKit AppTests.debug.xcconfig */;
			buildSettings = {
				ALWAYS_EMBED_SWIFT_STANDARD_LIBRARIES = YES;
				BUNDLE_LOADER = "$(TEST_HOST)";
				CODE_SIGN_STYLE = Automatic;
				DEVELOPMENT_TEAM = G9JN5J3VZ9;
				INFOPLIST_FILE = "Pickleball Pro WatchKit AppTests/Info.plist";
				LD_RUNPATH_SEARCH_PATHS = (
					"$(inherited)",
					"@executable_path/Frameworks",
					"@loader_path/Frameworks",
				);
				PRODUCT_BUNDLE_IDENTIFIER = "com.romrell4.Pickleball-Pro-WatchKit-AppTests";
				PRODUCT_NAME = "$(TARGET_NAME)";
				SDKROOT = watchos;
				SWIFT_VERSION = 5.0;
				TARGETED_DEVICE_FAMILY = 4;
				TEST_HOST = "$(BUILT_PRODUCTS_DIR)/Pickleball Pro WatchKit Extension.appex/Pickleball Pro WatchKit Extension";
				WATCHOS_DEPLOYMENT_TARGET = 7.4;
			};
			name = Debug;
		};
		F8E75F3E26A3375C0000F93F /* Release */ = {
			isa = XCBuildConfiguration;
			baseConfigurationReference = 074131EED727C5FA4E0FECF9 /* Pods-Pickleball Pro WatchKit AppTests.release.xcconfig */;
			buildSettings = {
				ALWAYS_EMBED_SWIFT_STANDARD_LIBRARIES = YES;
				BUNDLE_LOADER = "$(TEST_HOST)";
				CODE_SIGN_STYLE = Automatic;
				DEVELOPMENT_TEAM = G9JN5J3VZ9;
				INFOPLIST_FILE = "Pickleball Pro WatchKit AppTests/Info.plist";
				LD_RUNPATH_SEARCH_PATHS = (
					"$(inherited)",
					"@executable_path/Frameworks",
					"@loader_path/Frameworks",
				);
				PRODUCT_BUNDLE_IDENTIFIER = "com.romrell4.Pickleball-Pro-WatchKit-AppTests";
				PRODUCT_NAME = "$(TARGET_NAME)";
				SDKROOT = watchos;
				SWIFT_VERSION = 5.0;
				TARGETED_DEVICE_FAMILY = 4;
				TEST_HOST = "$(BUILT_PRODUCTS_DIR)/Pickleball Pro WatchKit Extension.appex/Pickleball Pro WatchKit Extension";
				VALIDATE_PRODUCT = YES;
				WATCHOS_DEPLOYMENT_TARGET = 7.4;
			};
			name = Release;
		};
		F8E75F4026A3375C0000F93F /* Debug */ = {
			isa = XCBuildConfiguration;
			baseConfigurationReference = 8646174E13FA7702070B9F48 /* Pods-Pickleball Pro WatchKit App-Pickleball Pro WatchKit AppUITests.debug.xcconfig */;
			buildSettings = {
				CODE_SIGN_STYLE = Automatic;
				DEVELOPMENT_TEAM = G9JN5J3VZ9;
				INFOPLIST_FILE = "Pickleball Pro WatchKit AppUITests/Info.plist";
				LD_RUNPATH_SEARCH_PATHS = (
					"$(inherited)",
					"@executable_path/Frameworks",
					"@loader_path/Frameworks",
				);
				PRODUCT_BUNDLE_IDENTIFIER = "com.romrell4.Pickleball-Pro-WatchKit-AppUITests";
				PRODUCT_NAME = "$(TARGET_NAME)";
				SDKROOT = watchos;
				SWIFT_VERSION = 5.0;
				TARGETED_DEVICE_FAMILY = 4;
				TEST_TARGET_NAME = "Pickleball Pro WatchKit App";
				WATCHOS_DEPLOYMENT_TARGET = 7.4;
			};
			name = Debug;
		};
		F8E75F4126A3375C0000F93F /* Release */ = {
			isa = XCBuildConfiguration;
			baseConfigurationReference = 751841693E8D6B865591E273 /* Pods-Pickleball Pro WatchKit App-Pickleball Pro WatchKit AppUITests.release.xcconfig */;
			buildSettings = {
				CODE_SIGN_STYLE = Automatic;
				DEVELOPMENT_TEAM = G9JN5J3VZ9;
				INFOPLIST_FILE = "Pickleball Pro WatchKit AppUITests/Info.plist";
				LD_RUNPATH_SEARCH_PATHS = (
					"$(inherited)",
					"@executable_path/Frameworks",
					"@loader_path/Frameworks",
				);
				PRODUCT_BUNDLE_IDENTIFIER = "com.romrell4.Pickleball-Pro-WatchKit-AppUITests";
				PRODUCT_NAME = "$(TARGET_NAME)";
				SDKROOT = watchos;
				SWIFT_VERSION = 5.0;
				TARGETED_DEVICE_FAMILY = 4;
				TEST_TARGET_NAME = "Pickleball Pro WatchKit App";
				VALIDATE_PRODUCT = YES;
				WATCHOS_DEPLOYMENT_TARGET = 7.4;
			};
			name = Release;
		};
/* End XCBuildConfiguration section */

/* Begin XCConfigurationList section */
		F8E75EC726A337570000F93F /* Build configuration list for PBXProject "Pickleball Pro" */ = {
			isa = XCConfigurationList;
			buildConfigurations = (
				F8E75F2926A3375C0000F93F /* Debug */,
				F8E75F2A26A3375C0000F93F /* Release */,
			);
			defaultConfigurationIsVisible = 0;
			defaultConfigurationName = Release;
		};
		F8E75F2B26A3375C0000F93F /* Build configuration list for PBXNativeTarget "Pickleball Pro WatchKit Extension" */ = {
			isa = XCConfigurationList;
			buildConfigurations = (
				F8E75F2C26A3375C0000F93F /* Debug */,
				F8E75F2D26A3375C0000F93F /* Release */,
			);
			defaultConfigurationIsVisible = 0;
			defaultConfigurationName = Release;
		};
		F8E75F2F26A3375C0000F93F /* Build configuration list for PBXNativeTarget "Pickleball Pro WatchKit App" */ = {
			isa = XCConfigurationList;
			buildConfigurations = (
				F8E75F3026A3375C0000F93F /* Debug */,
				F8E75F3126A3375C0000F93F /* Release */,
			);
			defaultConfigurationIsVisible = 0;
			defaultConfigurationName = Release;
		};
		F8E75F3326A3375C0000F93F /* Build configuration list for PBXNativeTarget "Pickleball Pro" */ = {
			isa = XCConfigurationList;
			buildConfigurations = (
				F8E75F3426A3375C0000F93F /* Debug */,
				F8E75F3526A3375C0000F93F /* Release */,
			);
			defaultConfigurationIsVisible = 0;
			defaultConfigurationName = Release;
		};
		F8E75F3626A3375C0000F93F /* Build configuration list for PBXNativeTarget "Pickleball ProTests" */ = {
			isa = XCConfigurationList;
			buildConfigurations = (
				F8E75F3726A3375C0000F93F /* Debug */,
				F8E75F3826A3375C0000F93F /* Release */,
			);
			defaultConfigurationIsVisible = 0;
			defaultConfigurationName = Release;
		};
		F8E75F3926A3375C0000F93F /* Build configuration list for PBXNativeTarget "Pickleball ProUITests" */ = {
			isa = XCConfigurationList;
			buildConfigurations = (
				F8E75F3A26A3375C0000F93F /* Debug */,
				F8E75F3B26A3375C0000F93F /* Release */,
			);
			defaultConfigurationIsVisible = 0;
			defaultConfigurationName = Release;
		};
		F8E75F3C26A3375C0000F93F /* Build configuration list for PBXNativeTarget "Pickleball Pro WatchKit AppTests" */ = {
			isa = XCConfigurationList;
			buildConfigurations = (
				F8E75F3D26A3375C0000F93F /* Debug */,
				F8E75F3E26A3375C0000F93F /* Release */,
			);
			defaultConfigurationIsVisible = 0;
			defaultConfigurationName = Release;
		};
		F8E75F3F26A3375C0000F93F /* Build configuration list for PBXNativeTarget "Pickleball Pro WatchKit AppUITests" */ = {
			isa = XCConfigurationList;
			buildConfigurations = (
				F8E75F4026A3375C0000F93F /* Debug */,
				F8E75F4126A3375C0000F93F /* Release */,
			);
			defaultConfigurationIsVisible = 0;
			defaultConfigurationName = Release;
		};
/* End XCConfigurationList section */

/* Begin XCRemoteSwiftPackageReference section */
		F8A3E7E926D4971D00FD6392 /* XCRemoteSwiftPackageReference "Alamofire" */ = {
			isa = XCRemoteSwiftPackageReference;
			repositoryURL = "https://github.com/Alamofire/Alamofire.git";
			requirement = {
				kind = upToNextMajorVersion;
				minimumVersion = 5.4.3;
			};
		};
		F8CC712926C4D69D00D90FA3 /* XCRemoteSwiftPackageReference "SDWebImageSwiftUI" */ = {
			isa = XCRemoteSwiftPackageReference;
			repositoryURL = "https://github.com/SDWebImage/SDWebImageSwiftUI.git";
			requirement = {
				kind = upToNextMajorVersion;
				minimumVersion = 2.0.2;
			};
		};
/* End XCRemoteSwiftPackageReference section */

/* Begin XCSwiftPackageProductDependency section */
		F8A3E7EA26D4971D00FD6392 /* Alamofire */ = {
			isa = XCSwiftPackageProductDependency;
			package = F8A3E7E926D4971D00FD6392 /* XCRemoteSwiftPackageReference "Alamofire" */;
			productName = Alamofire;
		};
		F8CC712A26C4D69D00D90FA3 /* SDWebImageSwiftUI */ = {
			isa = XCSwiftPackageProductDependency;
			package = F8CC712926C4D69D00D90FA3 /* XCRemoteSwiftPackageReference "SDWebImageSwiftUI" */;
			productName = SDWebImageSwiftUI;
		};
/* End XCSwiftPackageProductDependency section */
	};
	rootObject = F8E75EC426A337570000F93F /* Project object */;
}
